
Microsoft Visual Studio Solution File, Format Version 11.00
# Visual Studio 2010
Project("{F184B08F-C81C-45F6-A57F-5ABD9991F28F}") = "ElasticSearchToExcel", "ElasticSearchToExcel\ElasticSearchToExcel.vbproj", "{8051DF28-0CD5-4FFD-934C-A5E761DC6D43}"
EndProject
Global
	GlobalSection(SolutionConfigurationPlatforms) = preSolution
		Debug|x86 = Debug|x86
		Release|x86 = Release|x86
	EndGlobalSection
	GlobalSection(ProjectConfigurationPlatforms) = postSolution
		{8051DF28-0CD5-4FFD-934C-A5E761DC6D43}.Debug|x86.ActiveCfg = Release|x86
		{8051DF28-0CD5-4FFD-934C-A5E761DC6D43}.Debug|x86.Build.0 = Release|x86
		{8051DF28-0CD5-4FFD-934C-A5E761DC6D43}.Release|x86.ActiveCfg = Release|x86
		{8051DF28-0CD5-4FFD-934C-A5E761DC6D43}.Release|x86.Build.0 = Release|x86
	EndGlobalSection
	GlobalSection(SolutionProperties) = preSolution
		HideSolutionNode = FALSE
	EndGlobalSection
EndGlobal
