
Microsoft Visual Studio Solution File, Format Version 12.00
# Visual Studio 2012
Project("{FAE04EC0-301F-11D3-BF4B-00C04F79EFBC}") = "Checklist-Module", "Checklist-Module\Checklist-Module.csproj", "{EB4FC103-B7AD-4E32-8EDC-14F8BBB0688F}"
EndProject
Project("{F184B08F-C81C-45F6-A57F-5ABD9991F28F}") = "Ontolog-Module", "..\Ontolog-Module\Ontolog-Module\Ontolog-Module.vbproj", "{3F2F6722-C36B-420D-AFE7-B21C19457208}"
EndProject
Project("{F184B08F-C81C-45F6-A57F-5ABD9991F28F}") = "Report-Module", "..\Report-Module\Report-Module\Report-Module.vbproj", "{F6793B25-149B-441D-8D34-ACB522BE9071}"
EndProject
Project("{FAE04EC0-301F-11D3-BF4B-00C04F79EFBC}") = "OntologyClasses", "..\OntologyClasses\OntologyClasses.csproj", "{E937824A-B52A-4AA4-A008-710824FC52F3}"
EndProject
Project("{F184B08F-C81C-45F6-A57F-5ABD9991F28F}") = "Security-Module", "..\Security-Module\Security-Module\Security-Module.vbproj", "{C9ADD5DC-090D-4003-BBA9-CF9218C938B2}"
EndProject
Project("{FAE04EC0-301F-11D3-BF4B-00C04F79EFBC}") = "Structure-Module", "..\Structure-Module\Structure-Module\Structure-Module.csproj", "{57DA143A-8BCB-4A88-9D27-E436613E1A66}"
EndProject
Project("{F184B08F-C81C-45F6-A57F-5ABD9991F28F}") = "Log-Module", "..\Log-Module\Log-Module\Log-Module.vbproj", "{666536BD-FD4A-4BDF-A5BC-572E07D4E27A}"
EndProject
Project("{F184B08F-C81C-45F6-A57F-5ABD9991F28F}") = "Media-Viewer-Module", "..\Media-Viewer-Module\Media-Viewer-Module\Media-Viewer-Module.vbproj", "{E5546C53-BE08-44E1-B136-D172C3F2FE3E}"
EndProject
Project("{FAE04EC0-301F-11D3-BF4B-00C04F79EFBC}") = "Hierarchichal-Splitter-Module", "..\Hierarchichal-Splitter-Module\Hierarchichal-Splitter-Module\Hierarchichal-Splitter-Module.csproj", "{80F48A47-77B5-489D-A693-08D450520136}"
EndProject
Project("{FAE04EC0-301F-11D3-BF4B-00C04F79EFBC}") = "Change-Module", "..\Change-Module\Change-Module\Change-Module.csproj", "{825E4644-8F24-4CE5-AA42-7A8FA635B90C}"
EndProject
Global
	GlobalSection(SolutionConfigurationPlatforms) = preSolution
		Debug|Any CPU = Debug|Any CPU
		Debug|Mixed Platforms = Debug|Mixed Platforms
		Debug|x86 = Debug|x86
		Release|Any CPU = Release|Any CPU
		Release|Mixed Platforms = Release|Mixed Platforms
		Release|x86 = Release|x86
	EndGlobalSection
	GlobalSection(ProjectConfigurationPlatforms) = postSolution
		{EB4FC103-B7AD-4E32-8EDC-14F8BBB0688F}.Debug|Any CPU.ActiveCfg = Debug|Any CPU
		{EB4FC103-B7AD-4E32-8EDC-14F8BBB0688F}.Debug|Any CPU.Build.0 = Debug|Any CPU
		{EB4FC103-B7AD-4E32-8EDC-14F8BBB0688F}.Debug|Mixed Platforms.ActiveCfg = Debug|Any CPU
		{EB4FC103-B7AD-4E32-8EDC-14F8BBB0688F}.Debug|Mixed Platforms.Build.0 = Debug|Any CPU
		{EB4FC103-B7AD-4E32-8EDC-14F8BBB0688F}.Debug|x86.ActiveCfg = Debug|Any CPU
		{EB4FC103-B7AD-4E32-8EDC-14F8BBB0688F}.Release|Any CPU.ActiveCfg = Release|Any CPU
		{EB4FC103-B7AD-4E32-8EDC-14F8BBB0688F}.Release|Any CPU.Build.0 = Release|Any CPU
		{EB4FC103-B7AD-4E32-8EDC-14F8BBB0688F}.Release|Mixed Platforms.ActiveCfg = Release|Any CPU
		{EB4FC103-B7AD-4E32-8EDC-14F8BBB0688F}.Release|Mixed Platforms.Build.0 = Release|Any CPU
		{EB4FC103-B7AD-4E32-8EDC-14F8BBB0688F}.Release|x86.ActiveCfg = Release|Any CPU
		{3F2F6722-C36B-420D-AFE7-B21C19457208}.Debug|Any CPU.ActiveCfg = Debug|x86
		{3F2F6722-C36B-420D-AFE7-B21C19457208}.Debug|Mixed Platforms.ActiveCfg = Debug|x86
		{3F2F6722-C36B-420D-AFE7-B21C19457208}.Debug|Mixed Platforms.Build.0 = Debug|x86
		{3F2F6722-C36B-420D-AFE7-B21C19457208}.Debug|x86.ActiveCfg = Debug|x86
		{3F2F6722-C36B-420D-AFE7-B21C19457208}.Debug|x86.Build.0 = Debug|x86
		{3F2F6722-C36B-420D-AFE7-B21C19457208}.Release|Any CPU.ActiveCfg = Release|x86
		{3F2F6722-C36B-420D-AFE7-B21C19457208}.Release|Mixed Platforms.ActiveCfg = Release|x86
		{3F2F6722-C36B-420D-AFE7-B21C19457208}.Release|Mixed Platforms.Build.0 = Release|x86
		{3F2F6722-C36B-420D-AFE7-B21C19457208}.Release|x86.ActiveCfg = Release|x86
		{3F2F6722-C36B-420D-AFE7-B21C19457208}.Release|x86.Build.0 = Release|x86
		{F6793B25-149B-441D-8D34-ACB522BE9071}.Debug|Any CPU.ActiveCfg = Debug|x86
		{F6793B25-149B-441D-8D34-ACB522BE9071}.Debug|Mixed Platforms.ActiveCfg = Debug|x86
		{F6793B25-149B-441D-8D34-ACB522BE9071}.Debug|Mixed Platforms.Build.0 = Debug|x86
		{F6793B25-149B-441D-8D34-ACB522BE9071}.Debug|x86.ActiveCfg = Debug|x86
		{F6793B25-149B-441D-8D34-ACB522BE9071}.Debug|x86.Build.0 = Debug|x86
		{F6793B25-149B-441D-8D34-ACB522BE9071}.Release|Any CPU.ActiveCfg = Release|x86
		{F6793B25-149B-441D-8D34-ACB522BE9071}.Release|Mixed Platforms.ActiveCfg = Release|x86
		{F6793B25-149B-441D-8D34-ACB522BE9071}.Release|Mixed Platforms.Build.0 = Release|x86
		{F6793B25-149B-441D-8D34-ACB522BE9071}.Release|x86.ActiveCfg = Release|x86
		{F6793B25-149B-441D-8D34-ACB522BE9071}.Release|x86.Build.0 = Release|x86
		{E937824A-B52A-4AA4-A008-710824FC52F3}.Debug|Any CPU.ActiveCfg = Debug|Any CPU
		{E937824A-B52A-4AA4-A008-710824FC52F3}.Debug|Any CPU.Build.0 = Debug|Any CPU
		{E937824A-B52A-4AA4-A008-710824FC52F3}.Debug|Mixed Platforms.ActiveCfg = Debug|Any CPU
		{E937824A-B52A-4AA4-A008-710824FC52F3}.Debug|Mixed Platforms.Build.0 = Debug|Any CPU
		{E937824A-B52A-4AA4-A008-710824FC52F3}.Debug|x86.ActiveCfg = Debug|Any CPU
		{E937824A-B52A-4AA4-A008-710824FC52F3}.Release|Any CPU.ActiveCfg = Release|Any CPU
		{E937824A-B52A-4AA4-A008-710824FC52F3}.Release|Any CPU.Build.0 = Release|Any CPU
		{E937824A-B52A-4AA4-A008-710824FC52F3}.Release|Mixed Platforms.ActiveCfg = Release|Any CPU
		{E937824A-B52A-4AA4-A008-710824FC52F3}.Release|Mixed Platforms.Build.0 = Release|Any CPU
		{E937824A-B52A-4AA4-A008-710824FC52F3}.Release|x86.ActiveCfg = Release|Any CPU
		{C9ADD5DC-090D-4003-BBA9-CF9218C938B2}.Debug|Any CPU.ActiveCfg = Debug|x86
		{C9ADD5DC-090D-4003-BBA9-CF9218C938B2}.Debug|Mixed Platforms.ActiveCfg = Debug|x86
		{C9ADD5DC-090D-4003-BBA9-CF9218C938B2}.Debug|Mixed Platforms.Build.0 = Debug|x86
		{C9ADD5DC-090D-4003-BBA9-CF9218C938B2}.Debug|x86.ActiveCfg = Debug|x86
		{C9ADD5DC-090D-4003-BBA9-CF9218C938B2}.Debug|x86.Build.0 = Debug|x86
		{C9ADD5DC-090D-4003-BBA9-CF9218C938B2}.Release|Any CPU.ActiveCfg = Release|x86
		{C9ADD5DC-090D-4003-BBA9-CF9218C938B2}.Release|Mixed Platforms.ActiveCfg = Release|x86
		{C9ADD5DC-090D-4003-BBA9-CF9218C938B2}.Release|Mixed Platforms.Build.0 = Release|x86
		{C9ADD5DC-090D-4003-BBA9-CF9218C938B2}.Release|x86.ActiveCfg = Release|x86
		{C9ADD5DC-090D-4003-BBA9-CF9218C938B2}.Release|x86.Build.0 = Release|x86
		{57DA143A-8BCB-4A88-9D27-E436613E1A66}.Debug|Any CPU.ActiveCfg = Debug|Any CPU
		{57DA143A-8BCB-4A88-9D27-E436613E1A66}.Debug|Any CPU.Build.0 = Debug|Any CPU
		{57DA143A-8BCB-4A88-9D27-E436613E1A66}.Debug|Mixed Platforms.ActiveCfg = Debug|Any CPU
		{57DA143A-8BCB-4A88-9D27-E436613E1A66}.Debug|Mixed Platforms.Build.0 = Debug|Any CPU
		{57DA143A-8BCB-4A88-9D27-E436613E1A66}.Debug|x86.ActiveCfg = Debug|Any CPU
		{57DA143A-8BCB-4A88-9D27-E436613E1A66}.Release|Any CPU.ActiveCfg = Release|Any CPU
		{57DA143A-8BCB-4A88-9D27-E436613E1A66}.Release|Any CPU.Build.0 = Release|Any CPU
		{57DA143A-8BCB-4A88-9D27-E436613E1A66}.Release|Mixed Platforms.ActiveCfg = Release|Any CPU
		{57DA143A-8BCB-4A88-9D27-E436613E1A66}.Release|Mixed Platforms.Build.0 = Release|Any CPU
		{57DA143A-8BCB-4A88-9D27-E436613E1A66}.Release|x86.ActiveCfg = Release|Any CPU
		{666536BD-FD4A-4BDF-A5BC-572E07D4E27A}.Debug|Any CPU.ActiveCfg = Debug|x86
		{666536BD-FD4A-4BDF-A5BC-572E07D4E27A}.Debug|Mixed Platforms.ActiveCfg = Debug|x86
		{666536BD-FD4A-4BDF-A5BC-572E07D4E27A}.Debug|Mixed Platforms.Build.0 = Debug|x86
		{666536BD-FD4A-4BDF-A5BC-572E07D4E27A}.Debug|x86.ActiveCfg = Debug|x86
		{666536BD-FD4A-4BDF-A5BC-572E07D4E27A}.Debug|x86.Build.0 = Debug|x86
		{666536BD-FD4A-4BDF-A5BC-572E07D4E27A}.Release|Any CPU.ActiveCfg = Release|x86
		{666536BD-FD4A-4BDF-A5BC-572E07D4E27A}.Release|Mixed Platforms.ActiveCfg = Release|x86
		{666536BD-FD4A-4BDF-A5BC-572E07D4E27A}.Release|Mixed Platforms.Build.0 = Release|x86
		{666536BD-FD4A-4BDF-A5BC-572E07D4E27A}.Release|x86.ActiveCfg = Release|x86
		{666536BD-FD4A-4BDF-A5BC-572E07D4E27A}.Release|x86.Build.0 = Release|x86
		{E5546C53-BE08-44E1-B136-D172C3F2FE3E}.Debug|Any CPU.ActiveCfg = Debug|x86
		{E5546C53-BE08-44E1-B136-D172C3F2FE3E}.Debug|Mixed Platforms.ActiveCfg = Debug|x86
		{E5546C53-BE08-44E1-B136-D172C3F2FE3E}.Debug|Mixed Platforms.Build.0 = Debug|x86
		{E5546C53-BE08-44E1-B136-D172C3F2FE3E}.Debug|x86.ActiveCfg = Debug|x86
		{E5546C53-BE08-44E1-B136-D172C3F2FE3E}.Debug|x86.Build.0 = Debug|x86
		{E5546C53-BE08-44E1-B136-D172C3F2FE3E}.Release|Any CPU.ActiveCfg = Release|x86
		{E5546C53-BE08-44E1-B136-D172C3F2FE3E}.Release|Mixed Platforms.ActiveCfg = Release|x86
		{E5546C53-BE08-44E1-B136-D172C3F2FE3E}.Release|Mixed Platforms.Build.0 = Release|x86
		{E5546C53-BE08-44E1-B136-D172C3F2FE3E}.Release|x86.ActiveCfg = Release|x86
		{E5546C53-BE08-44E1-B136-D172C3F2FE3E}.Release|x86.Build.0 = Release|x86
		{80F48A47-77B5-489D-A693-08D450520136}.Debug|Any CPU.ActiveCfg = Debug|Any CPU
		{80F48A47-77B5-489D-A693-08D450520136}.Debug|Any CPU.Build.0 = Debug|Any CPU
		{80F48A47-77B5-489D-A693-08D450520136}.Debug|Mixed Platforms.ActiveCfg = Debug|Any CPU
		{80F48A47-77B5-489D-A693-08D450520136}.Debug|Mixed Platforms.Build.0 = Debug|Any CPU
		{80F48A47-77B5-489D-A693-08D450520136}.Debug|x86.ActiveCfg = Debug|Any CPU
		{80F48A47-77B5-489D-A693-08D450520136}.Release|Any CPU.ActiveCfg = Release|Any CPU
		{80F48A47-77B5-489D-A693-08D450520136}.Release|Any CPU.Build.0 = Release|Any CPU
		{80F48A47-77B5-489D-A693-08D450520136}.Release|Mixed Platforms.ActiveCfg = Release|Any CPU
		{80F48A47-77B5-489D-A693-08D450520136}.Release|Mixed Platforms.Build.0 = Release|Any CPU
		{80F48A47-77B5-489D-A693-08D450520136}.Release|x86.ActiveCfg = Release|Any CPU
		{825E4644-8F24-4CE5-AA42-7A8FA635B90C}.Debug|Any CPU.ActiveCfg = Debug|x86
		{825E4644-8F24-4CE5-AA42-7A8FA635B90C}.Debug|Mixed Platforms.ActiveCfg = Debug|x86
		{825E4644-8F24-4CE5-AA42-7A8FA635B90C}.Debug|Mixed Platforms.Build.0 = Debug|x86
		{825E4644-8F24-4CE5-AA42-7A8FA635B90C}.Debug|x86.ActiveCfg = Debug|x86
		{825E4644-8F24-4CE5-AA42-7A8FA635B90C}.Debug|x86.Build.0 = Debug|x86
		{825E4644-8F24-4CE5-AA42-7A8FA635B90C}.Release|Any CPU.ActiveCfg = Release|x86
		{825E4644-8F24-4CE5-AA42-7A8FA635B90C}.Release|Mixed Platforms.ActiveCfg = Release|x86
		{825E4644-8F24-4CE5-AA42-7A8FA635B90C}.Release|Mixed Platforms.Build.0 = Release|x86
		{825E4644-8F24-4CE5-AA42-7A8FA635B90C}.Release|x86.ActiveCfg = Release|x86
		{825E4644-8F24-4CE5-AA42-7A8FA635B90C}.Release|x86.Build.0 = Release|x86
	EndGlobalSection
	GlobalSection(SolutionProperties) = preSolution
		HideSolutionNode = FALSE
	EndGlobalSection
EndGlobal
