
Microsoft Visual Studio Solution File, Format Version 12.00
# Visual Studio 2013
VisualStudioVersion = 12.0.31101.0
MinimumVisualStudioVersion = 10.0.40219.1
Project("{FAE04EC0-301F-11D3-BF4B-00C04F79EFBC}") = "Appointment-Module", "..\Appointment-Module\Appointment-Module\Appointment-Module.csproj", "{CDA081AD-D4A9-4FC1-87D6-3C50358A9E9E}"
EndProject
Project("{FAE04EC0-301F-11D3-BF4B-00C04F79EFBC}") = "AudioPlayer-Module", "..\AudioPlayer-Module\AudioPlayer-Module\AudioPlayer-Module.csproj", "{94897A3E-1FFC-4035-BCEE-AC58B07424AA}"
EndProject
Project("{F184B08F-C81C-45F6-A57F-5ABD9991F28F}") = "BankTransaction-Module", "..\BankTransaction-Module\BankTransaction-Module.vbproj", "{4A28D95E-9C54-4C8B-9DF9-98E5A4AEAB65}"
EndProject
Project("{F184B08F-C81C-45F6-A57F-5ABD9991F28F}") = "Bill-Module", "..\Bill-Module\Bill-Module\Bill-Module.vbproj", "{B59F5B2F-28EF-439F-BC00-B0DDD07381D0}"
EndProject
Project("{FAE04EC0-301F-11D3-BF4B-00C04F79EFBC}") = "Change-Module", "..\Change-Module\Change-Module\Change-Module.csproj", "{825E4644-8F24-4CE5-AA42-7A8FA635B90C}"
EndProject
Project("{FAE04EC0-301F-11D3-BF4B-00C04F79EFBC}") = "Checklist-Module", "..\Checklist-Module\Checklist-Module\Checklist-Module.csproj", "{EB4FC103-B7AD-4E32-8EDC-14F8BBB0688F}"
EndProject
Project("{F184B08F-C81C-45F6-A57F-5ABD9991F28F}") = "ClassLibrary_ShellWork", "..\ClassLibrary_ShellWork\ClassLibrary_ShellWork\ClassLibrary_ShellWork.vbproj", "{10BCC346-A390-401C-BA6A-904A8842A40B}"
EndProject
Project("{FAE04EC0-301F-11D3-BF4B-00C04F79EFBC}") = "ClipBoardListener-Url-Module", "..\ClipBoardListener-Url-Connector\ClipBoardListener-Url-Connector\ClipBoardListener-Url-Module.csproj", "{C7308860-2D6B-4685-9EF4-11D5A4C30466}"
EndProject
Project("{FAE04EC0-301F-11D3-BF4B-00C04F79EFBC}") = "CommandLineCL-Module", "..\CommandLineCL-Module\CommandLineCL-Module\CommandLineCL-Module.csproj", "{30BD2F12-D617-4B3B-A49B-F2E97872E31D}"
EndProject
Project("{FAE04EC0-301F-11D3-BF4B-00C04F79EFBC}") = "Database-Configurator-Module", "..\Database-Configuration-Module\Database-Configuration-Module\Database-Configurator-Module.csproj", "{B84B302C-3539-4991-9A87-9B9A2D808206}"
EndProject
Project("{F184B08F-C81C-45F6-A57F-5ABD9991F28F}") = "Development-Module", "..\Development-Module\Development-Module\Development-Module.vbproj", "{21A3AD3E-A0C0-4518-B6DC-272ED1C42796}"
EndProject
Project("{FAE04EC0-301F-11D3-BF4B-00C04F79EFBC}") = "ElasticSearchConfig-Module", "..\ElasticSearchConfig-Module\ElasticSearchConfig-Module\ElasticSearchConfig-Module.csproj", "{F4941166-7AF3-4D12-AC62-D94A5BD7089F}"
EndProject
Project("{FAE04EC0-301F-11D3-BF4B-00C04F79EFBC}") = "ElasticSearchLogging-Module", "..\ElasticSearchLogging-Module\ElasticSearchLogging-Module\ElasticSearchLogging-Module.csproj", "{9E7350DA-847E-4DAD-B114-B7E5F06F4063}"
EndProject
Project("{FAE04EC0-301F-11D3-BF4B-00C04F79EFBC}") = "ElasticSearchNestConnector", "..\ElasticSearchNestConnector\ElasticSearchNestConnector\ElasticSearchNestConnector.csproj", "{47208CAE-F413-4C25-A184-14F1140CA081}"
EndProject
Project("{FAE04EC0-301F-11D3-BF4B-00C04F79EFBC}") = "FileResourceModule", "..\FileResourceModule\FileResourceModule\FileResourceModule.csproj", "{944236CC-A7C6-43A9-ADB7-022EC43896BE}"
EndProject
Project("{F184B08F-C81C-45F6-A57F-5ABD9991F28F}") = "Filesystem-Module", "..\Filesystem-Module\Filesystem-Module\Filesystem-Module.vbproj", "{F31C8A5A-BB2B-474E-BC1F-A14E805EA2E9}"
EndProject
Project("{FAE04EC0-301F-11D3-BF4B-00C04F79EFBC}") = "GraphMLConnector", "..\GraphMLConnector\GraphMLConnector\GraphMLConnector.csproj", "{8EA4359D-0A97-4434-8C54-3571CBBF6AAD}"
EndProject
Project("{FAE04EC0-301F-11D3-BF4B-00C04F79EFBC}") = "Hierarchichal-Splitter-Module", "..\Hierarchichal-Splitter-Module\Hierarchichal-Splitter-Module\Hierarchichal-Splitter-Module.csproj", "{80F48A47-77B5-489D-A693-08D450520136}"
EndProject
Project("{FAE04EC0-301F-11D3-BF4B-00C04F79EFBC}") = "HTMLExport-Module", "..\HTMLExport-Module\HTMLExport-Module\HTMLExport-Module.csproj", "{32A7511E-A4A8-4668-A43A-0672BEFAB0C9}"
EndProject
Project("{FAE04EC0-301F-11D3-BF4B-00C04F79EFBC}") = "LiteraturQuellen-Module", "..\LiteraturQuellen-Module\LiteraturQuellen-Module\LiteraturQuellen-Module.csproj", "{D5047643-CFA4-4464-BB26-30777AC0A5F2}"
EndProject
Project("{FAE04EC0-301F-11D3-BF4B-00C04F79EFBC}") = "Localization-Module", "..\Localization-Module\Localization-Module\Localization-Module.csproj", "{ECD780FD-C4CC-47AC-8E08-7C6A226F28E0}"
EndProject
Project("{F184B08F-C81C-45F6-A57F-5ABD9991F28F}") = "Log-Module", "..\Log-Module\Log-Module\Log-Module.vbproj", "{666536BD-FD4A-4BDF-A5BC-572E07D4E27A}"
EndProject
Project("{F184B08F-C81C-45F6-A57F-5ABD9991F28F}") = "Media-Viewer-Module", "..\Media-Viewer-Module\Media-Viewer-Module\Media-Viewer-Module.vbproj", "{E5546C53-BE08-44E1-B136-D172C3F2FE3E}"
EndProject
Project("{FAE04EC0-301F-11D3-BF4B-00C04F79EFBC}") = "NextGenerationOntoEdit", "..\NextGenerationOntoEdit\NextGenerationOntoEdit\NextGenerationOntoEdit.csproj", "{94F65D06-9BCD-413D-AEE3-559E06DDBA2F}"
EndProject
Project("{FAE04EC0-301F-11D3-BF4B-00C04F79EFBC}") = "Office-Module", "..\Office-Module\Office-Module\Office-Module.csproj", "{E753813C-608C-4597-8883-78E9601EBB22}"
EndProject
Project("{F184B08F-C81C-45F6-A57F-5ABD9991F28F}") = "Ontolog-Module", "..\Ontolog-Module\Ontolog-Module\Ontolog-Module.vbproj", "{3F2F6722-C36B-420D-AFE7-B21C19457208}"
EndProject
Project("{FAE04EC0-301F-11D3-BF4B-00C04F79EFBC}") = "OntologyClasses", "..\OntologyClasses\OntologyClasses.csproj", "{E937824A-B52A-4AA4-A008-710824FC52F3}"
EndProject
Project("{FAE04EC0-301F-11D3-BF4B-00C04F79EFBC}") = "OutlookConnector-Module", "..\OutlookConnector-Module\OutlookConnector-Module\OutlookConnector-Module.csproj", "{CFF01715-2614-4D82-9446-02D4EAD7CA3B}"
EndProject
Project("{F184B08F-C81C-45F6-A57F-5ABD9991F28F}") = "Partner-Module", "..\Partner-Module\Partner-Module\Partner-Module.vbproj", "{D42C6737-EF33-40D6-8253-173099F93885}"
EndProject
Project("{FAE04EC0-301F-11D3-BF4B-00C04F79EFBC}") = "Ping-Test-Module", "..\Ping-Test-Module\Ping-Test-Module\Ping-Test-Module.csproj", "{4D8276AF-BB32-49D8-B691-CC0DC81E07C9}"
EndProject
Project("{FAE04EC0-301F-11D3-BF4B-00C04F79EFBC}") = "PortListenerForText-Module", "..\PortListenerForText-Module\PortListenerForText-Module\PortListenerForText-Module.csproj", "{6A635A9A-FF1B-4072-87D3-5612A53EE9E1}"
EndProject
Project("{F184B08F-C81C-45F6-A57F-5ABD9991F28F}") = "Process-Module", "..\Process-Module\Process-Module\Process-Module.vbproj", "{E561F46E-D579-4C7D-8692-A0351E0F7069}"
EndProject
Project("{FAE04EC0-301F-11D3-BF4B-00C04F79EFBC}") = "RDF-Module", "..\RDF-Module\RDF-Module\RDF-Module.csproj", "{A8D3A078-0AE5-4A09-9F40-FF7750802192}"
EndProject
Project("{F184B08F-C81C-45F6-A57F-5ABD9991F28F}") = "Report-Module", "..\Report-Module\Report-Module\Report-Module.vbproj", "{F6793B25-149B-441D-8D34-ACB522BE9071}"
EndProject
Project("{FAE04EC0-301F-11D3-BF4B-00C04F79EFBC}") = "Schriftverkehrs-Module", "..\Schriftverkehrs-Module\Schriftverkehrs-Module\Schriftverkehrs-Module.csproj", "{62ED6116-9C78-4F09-B2A5-0EA97F703ABA}"
EndProject
Project("{FAE04EC0-301F-11D3-BF4B-00C04F79EFBC}") = "ScriptingModule", "..\ScriptingModule\ScriptingModule\ScriptingModule.csproj", "{1BE54B9E-5A26-44EA-B6D9-C3E1D46BF225}"
EndProject
Project("{FAE04EC0-301F-11D3-BF4B-00C04F79EFBC}") = "Structure-Module", "..\Structure-Module\Structure-Module\Structure-Module.csproj", "{57DA143A-8BCB-4A88-9D27-E436613E1A66}"
EndProject
Project("{FAE04EC0-301F-11D3-BF4B-00C04F79EFBC}") = "TextParser", "..\TextParser\TextParser\TextParser.csproj", "{24685E6B-0E58-4333-9557-4872943A8715}"
EndProject
Project("{FAE04EC0-301F-11D3-BF4B-00C04F79EFBC}") = "TimeManagement-Module", "..\TimeManagement-Module\TimeManagement-Module\TimeManagement-Module.csproj", "{FBA2D0D7-BA5A-421E-A72A-A23476E00980}"
EndProject
Project("{FAE04EC0-301F-11D3-BF4B-00C04F79EFBC}") = "Typed-Tagging-Module", "..\Typed-Tagging-Module\Typed-Tagging-Module\Typed-Tagging-Module.csproj", "{E558B18D-AE28-4EAC-BFF5-97EE5CDA49EB}"
EndProject
Project("{FAE04EC0-301F-11D3-BF4B-00C04F79EFBC}") = "Variable-Value-Module", "..\Variable-Value-Module\Variable-Value-Module\Variable-Value-Module.csproj", "{96B9A976-FE7A-4B0C-A286-363C6D58C4CD}"
EndProject
Project("{FAE04EC0-301F-11D3-BF4B-00C04F79EFBC}") = "Version-Module", "..\Version-Module\Version-Module\Version-Module.csproj", "{2C81FA5B-9D19-4600-8F52-FCDEC5FC8DF4}"
EndProject
Project("{FAE04EC0-301F-11D3-BF4B-00C04F79EFBC}") = "CommandLineRun-Module", "..\CommandLineRun-Module\CommandLineRun-Module\CommandLineRun-Module.csproj", "{DEED8843-0C77-4C8C-93C5-3E5768314A63}"
EndProject
Project("{FAE04EC0-301F-11D3-BF4B-00C04F79EFBC}") = "FileSystem-Connector-Module", "..\FileSystem-Connector-Module\FileSystem-Connector-Module\FileSystem-Connector-Module.csproj", "{4338A22B-92E6-4812-9E5F-3E1611A329A8}"
EndProject
Project("{F184B08F-C81C-45F6-A57F-5ABD9991F28F}") = "Security-Module", "..\Security-Module\Security-Module\Security-Module.vbproj", "{C9ADD5DC-090D-4003-BBA9-CF9218C938B2}"
EndProject
Project("{F184B08F-C81C-45F6-A57F-5ABD9991F28F}") = "ModuleLibrary", "..\ModuleLibrary\ModuleLibrary\ModuleLibrary.vbproj", "{28FDA320-130A-4B64-8199-B6A3F7F6D56A}"
EndProject
Project("{FAE04EC0-301F-11D3-BF4B-00C04F79EFBC}") = "Grid-Module", "..\Grid-Module\Grid-Module\Grid-Module.csproj", "{4BF1CA71-AFEB-4325-AEC7-10A5B14CE024}"
EndProject
Project("{FAE04EC0-301F-11D3-BF4B-00C04F79EFBC}") = "LocalizedTemplate-Module", "..\LocalizedTemplate-Module\LocalizedTemplate-Module\LocalizedTemplate-Module.csproj", "{DAB4A1E8-CFE6-4186-B61D-3E410BD61E90}"
EndProject
Project("{FAE04EC0-301F-11D3-BF4B-00C04F79EFBC}") = "Scenes-Literatur-Module", "..\Scenes-Literatur-Module\Scenes-Literatur-Module\Scenes-Literatur-Module.csproj", "{83FCEF97-E7C2-4103-8350-FCD4DA425AA6}"
EndProject
Global
	GlobalSection(SolutionConfigurationPlatforms) = preSolution
		Debug|Any CPU = Debug|Any CPU
		Debug|Mixed Platforms = Debug|Mixed Platforms
		Debug|x86 = Debug|x86
		Release|Any CPU = Release|Any CPU
		Release|Mixed Platforms = Release|Mixed Platforms
		Release|x86 = Release|x86
	EndGlobalSection
	GlobalSection(ProjectConfigurationPlatforms) = postSolution
		{CDA081AD-D4A9-4FC1-87D6-3C50358A9E9E}.Debug|Any CPU.ActiveCfg = Debug|Any CPU
		{CDA081AD-D4A9-4FC1-87D6-3C50358A9E9E}.Debug|Any CPU.Build.0 = Debug|Any CPU
		{CDA081AD-D4A9-4FC1-87D6-3C50358A9E9E}.Debug|Mixed Platforms.ActiveCfg = Debug|Any CPU
		{CDA081AD-D4A9-4FC1-87D6-3C50358A9E9E}.Debug|Mixed Platforms.Build.0 = Debug|Any CPU
		{CDA081AD-D4A9-4FC1-87D6-3C50358A9E9E}.Debug|x86.ActiveCfg = Debug|Any CPU
		{CDA081AD-D4A9-4FC1-87D6-3C50358A9E9E}.Release|Any CPU.ActiveCfg = Release|Any CPU
		{CDA081AD-D4A9-4FC1-87D6-3C50358A9E9E}.Release|Any CPU.Build.0 = Release|Any CPU
		{CDA081AD-D4A9-4FC1-87D6-3C50358A9E9E}.Release|Mixed Platforms.ActiveCfg = Release|Any CPU
		{CDA081AD-D4A9-4FC1-87D6-3C50358A9E9E}.Release|Mixed Platforms.Build.0 = Release|Any CPU
		{CDA081AD-D4A9-4FC1-87D6-3C50358A9E9E}.Release|x86.ActiveCfg = Release|Any CPU
		{94897A3E-1FFC-4035-BCEE-AC58B07424AA}.Debug|Any CPU.ActiveCfg = Debug|Any CPU
		{94897A3E-1FFC-4035-BCEE-AC58B07424AA}.Debug|Any CPU.Build.0 = Debug|Any CPU
		{94897A3E-1FFC-4035-BCEE-AC58B07424AA}.Debug|Mixed Platforms.ActiveCfg = Debug|Any CPU
		{94897A3E-1FFC-4035-BCEE-AC58B07424AA}.Debug|Mixed Platforms.Build.0 = Debug|Any CPU
		{94897A3E-1FFC-4035-BCEE-AC58B07424AA}.Debug|x86.ActiveCfg = Debug|Any CPU
		{94897A3E-1FFC-4035-BCEE-AC58B07424AA}.Release|Any CPU.ActiveCfg = Release|Any CPU
		{94897A3E-1FFC-4035-BCEE-AC58B07424AA}.Release|Any CPU.Build.0 = Release|Any CPU
		{94897A3E-1FFC-4035-BCEE-AC58B07424AA}.Release|Mixed Platforms.ActiveCfg = Release|Any CPU
		{94897A3E-1FFC-4035-BCEE-AC58B07424AA}.Release|Mixed Platforms.Build.0 = Release|Any CPU
		{94897A3E-1FFC-4035-BCEE-AC58B07424AA}.Release|x86.ActiveCfg = Release|Any CPU
		{4A28D95E-9C54-4C8B-9DF9-98E5A4AEAB65}.Debug|Any CPU.ActiveCfg = Debug|x86
		{4A28D95E-9C54-4C8B-9DF9-98E5A4AEAB65}.Debug|Mixed Platforms.ActiveCfg = Debug|x86
		{4A28D95E-9C54-4C8B-9DF9-98E5A4AEAB65}.Debug|Mixed Platforms.Build.0 = Debug|x86
		{4A28D95E-9C54-4C8B-9DF9-98E5A4AEAB65}.Debug|x86.ActiveCfg = Debug|x86
		{4A28D95E-9C54-4C8B-9DF9-98E5A4AEAB65}.Debug|x86.Build.0 = Debug|x86
		{4A28D95E-9C54-4C8B-9DF9-98E5A4AEAB65}.Release|Any CPU.ActiveCfg = Release|x86
		{4A28D95E-9C54-4C8B-9DF9-98E5A4AEAB65}.Release|Mixed Platforms.ActiveCfg = Release|x86
		{4A28D95E-9C54-4C8B-9DF9-98E5A4AEAB65}.Release|Mixed Platforms.Build.0 = Release|x86
		{4A28D95E-9C54-4C8B-9DF9-98E5A4AEAB65}.Release|x86.ActiveCfg = Release|x86
		{4A28D95E-9C54-4C8B-9DF9-98E5A4AEAB65}.Release|x86.Build.0 = Release|x86
		{B59F5B2F-28EF-439F-BC00-B0DDD07381D0}.Debug|Any CPU.ActiveCfg = Debug|x86
		{B59F5B2F-28EF-439F-BC00-B0DDD07381D0}.Debug|Mixed Platforms.ActiveCfg = Debug|x86
		{B59F5B2F-28EF-439F-BC00-B0DDD07381D0}.Debug|Mixed Platforms.Build.0 = Debug|x86
		{B59F5B2F-28EF-439F-BC00-B0DDD07381D0}.Debug|x86.ActiveCfg = Debug|x86
		{B59F5B2F-28EF-439F-BC00-B0DDD07381D0}.Debug|x86.Build.0 = Debug|x86
		{B59F5B2F-28EF-439F-BC00-B0DDD07381D0}.Release|Any CPU.ActiveCfg = Release|x86
		{B59F5B2F-28EF-439F-BC00-B0DDD07381D0}.Release|Mixed Platforms.ActiveCfg = Release|x86
		{B59F5B2F-28EF-439F-BC00-B0DDD07381D0}.Release|Mixed Platforms.Build.0 = Release|x86
		{B59F5B2F-28EF-439F-BC00-B0DDD07381D0}.Release|x86.ActiveCfg = Release|x86
		{B59F5B2F-28EF-439F-BC00-B0DDD07381D0}.Release|x86.Build.0 = Release|x86
		{825E4644-8F24-4CE5-AA42-7A8FA635B90C}.Debug|Any CPU.ActiveCfg = Debug|x86
		{825E4644-8F24-4CE5-AA42-7A8FA635B90C}.Debug|Mixed Platforms.ActiveCfg = Debug|x86
		{825E4644-8F24-4CE5-AA42-7A8FA635B90C}.Debug|Mixed Platforms.Build.0 = Debug|x86
		{825E4644-8F24-4CE5-AA42-7A8FA635B90C}.Debug|x86.ActiveCfg = Debug|x86
		{825E4644-8F24-4CE5-AA42-7A8FA635B90C}.Debug|x86.Build.0 = Debug|x86
		{825E4644-8F24-4CE5-AA42-7A8FA635B90C}.Release|Any CPU.ActiveCfg = Release|x86
		{825E4644-8F24-4CE5-AA42-7A8FA635B90C}.Release|Mixed Platforms.ActiveCfg = Release|x86
		{825E4644-8F24-4CE5-AA42-7A8FA635B90C}.Release|Mixed Platforms.Build.0 = Release|x86
		{825E4644-8F24-4CE5-AA42-7A8FA635B90C}.Release|x86.ActiveCfg = Release|x86
		{825E4644-8F24-4CE5-AA42-7A8FA635B90C}.Release|x86.Build.0 = Release|x86
		{EB4FC103-B7AD-4E32-8EDC-14F8BBB0688F}.Debug|Any CPU.ActiveCfg = Debug|Any CPU
		{EB4FC103-B7AD-4E32-8EDC-14F8BBB0688F}.Debug|Any CPU.Build.0 = Debug|Any CPU
		{EB4FC103-B7AD-4E32-8EDC-14F8BBB0688F}.Debug|Mixed Platforms.ActiveCfg = Debug|Any CPU
		{EB4FC103-B7AD-4E32-8EDC-14F8BBB0688F}.Debug|Mixed Platforms.Build.0 = Debug|Any CPU
		{EB4FC103-B7AD-4E32-8EDC-14F8BBB0688F}.Debug|x86.ActiveCfg = Debug|Any CPU
		{EB4FC103-B7AD-4E32-8EDC-14F8BBB0688F}.Release|Any CPU.ActiveCfg = Release|Any CPU
		{EB4FC103-B7AD-4E32-8EDC-14F8BBB0688F}.Release|Any CPU.Build.0 = Release|Any CPU
		{EB4FC103-B7AD-4E32-8EDC-14F8BBB0688F}.Release|Mixed Platforms.ActiveCfg = Release|Any CPU
		{EB4FC103-B7AD-4E32-8EDC-14F8BBB0688F}.Release|Mixed Platforms.Build.0 = Release|Any CPU
		{EB4FC103-B7AD-4E32-8EDC-14F8BBB0688F}.Release|x86.ActiveCfg = Release|Any CPU
		{10BCC346-A390-401C-BA6A-904A8842A40B}.Debug|Any CPU.ActiveCfg = Debug|Any CPU
		{10BCC346-A390-401C-BA6A-904A8842A40B}.Debug|Any CPU.Build.0 = Debug|Any CPU
		{10BCC346-A390-401C-BA6A-904A8842A40B}.Debug|Mixed Platforms.ActiveCfg = Debug|Any CPU
		{10BCC346-A390-401C-BA6A-904A8842A40B}.Debug|Mixed Platforms.Build.0 = Debug|Any CPU
		{10BCC346-A390-401C-BA6A-904A8842A40B}.Debug|x86.ActiveCfg = Debug|Any CPU
		{10BCC346-A390-401C-BA6A-904A8842A40B}.Release|Any CPU.ActiveCfg = Release|Any CPU
		{10BCC346-A390-401C-BA6A-904A8842A40B}.Release|Any CPU.Build.0 = Release|Any CPU
		{10BCC346-A390-401C-BA6A-904A8842A40B}.Release|Mixed Platforms.ActiveCfg = Release|Any CPU
		{10BCC346-A390-401C-BA6A-904A8842A40B}.Release|Mixed Platforms.Build.0 = Release|Any CPU
		{10BCC346-A390-401C-BA6A-904A8842A40B}.Release|x86.ActiveCfg = Release|Any CPU
		{C7308860-2D6B-4685-9EF4-11D5A4C30466}.Debug|Any CPU.ActiveCfg = Debug|Any CPU
		{C7308860-2D6B-4685-9EF4-11D5A4C30466}.Debug|Any CPU.Build.0 = Debug|Any CPU
		{C7308860-2D6B-4685-9EF4-11D5A4C30466}.Debug|Mixed Platforms.ActiveCfg = Debug|Any CPU
		{C7308860-2D6B-4685-9EF4-11D5A4C30466}.Debug|Mixed Platforms.Build.0 = Debug|Any CPU
		{C7308860-2D6B-4685-9EF4-11D5A4C30466}.Debug|x86.ActiveCfg = Debug|Any CPU
		{C7308860-2D6B-4685-9EF4-11D5A4C30466}.Release|Any CPU.ActiveCfg = Release|Any CPU
		{C7308860-2D6B-4685-9EF4-11D5A4C30466}.Release|Any CPU.Build.0 = Release|Any CPU
		{C7308860-2D6B-4685-9EF4-11D5A4C30466}.Release|Mixed Platforms.ActiveCfg = Release|Any CPU
		{C7308860-2D6B-4685-9EF4-11D5A4C30466}.Release|Mixed Platforms.Build.0 = Release|Any CPU
		{C7308860-2D6B-4685-9EF4-11D5A4C30466}.Release|x86.ActiveCfg = Release|Any CPU
		{30BD2F12-D617-4B3B-A49B-F2E97872E31D}.Debug|Any CPU.ActiveCfg = Debug|Any CPU
		{30BD2F12-D617-4B3B-A49B-F2E97872E31D}.Debug|Any CPU.Build.0 = Debug|Any CPU
		{30BD2F12-D617-4B3B-A49B-F2E97872E31D}.Debug|Mixed Platforms.ActiveCfg = Debug|Any CPU
		{30BD2F12-D617-4B3B-A49B-F2E97872E31D}.Debug|Mixed Platforms.Build.0 = Debug|Any CPU
		{30BD2F12-D617-4B3B-A49B-F2E97872E31D}.Debug|x86.ActiveCfg = Debug|Any CPU
		{30BD2F12-D617-4B3B-A49B-F2E97872E31D}.Release|Any CPU.ActiveCfg = Release|Any CPU
		{30BD2F12-D617-4B3B-A49B-F2E97872E31D}.Release|Any CPU.Build.0 = Release|Any CPU
		{30BD2F12-D617-4B3B-A49B-F2E97872E31D}.Release|Mixed Platforms.ActiveCfg = Release|Any CPU
		{30BD2F12-D617-4B3B-A49B-F2E97872E31D}.Release|Mixed Platforms.Build.0 = Release|Any CPU
		{30BD2F12-D617-4B3B-A49B-F2E97872E31D}.Release|x86.ActiveCfg = Release|Any CPU
		{B84B302C-3539-4991-9A87-9B9A2D808206}.Debug|Any CPU.ActiveCfg = Debug|Any CPU
		{B84B302C-3539-4991-9A87-9B9A2D808206}.Debug|Any CPU.Build.0 = Debug|Any CPU
		{B84B302C-3539-4991-9A87-9B9A2D808206}.Debug|Mixed Platforms.ActiveCfg = Debug|Any CPU
		{B84B302C-3539-4991-9A87-9B9A2D808206}.Debug|Mixed Platforms.Build.0 = Debug|Any CPU
		{B84B302C-3539-4991-9A87-9B9A2D808206}.Debug|x86.ActiveCfg = Debug|Any CPU
		{B84B302C-3539-4991-9A87-9B9A2D808206}.Release|Any CPU.ActiveCfg = Release|Any CPU
		{B84B302C-3539-4991-9A87-9B9A2D808206}.Release|Any CPU.Build.0 = Release|Any CPU
		{B84B302C-3539-4991-9A87-9B9A2D808206}.Release|Mixed Platforms.ActiveCfg = Release|Any CPU
		{B84B302C-3539-4991-9A87-9B9A2D808206}.Release|Mixed Platforms.Build.0 = Release|Any CPU
		{B84B302C-3539-4991-9A87-9B9A2D808206}.Release|x86.ActiveCfg = Release|Any CPU
		{21A3AD3E-A0C0-4518-B6DC-272ED1C42796}.Debug|Any CPU.ActiveCfg = Debug|x86
		{21A3AD3E-A0C0-4518-B6DC-272ED1C42796}.Debug|Mixed Platforms.ActiveCfg = Debug|x86
		{21A3AD3E-A0C0-4518-B6DC-272ED1C42796}.Debug|Mixed Platforms.Build.0 = Debug|x86
		{21A3AD3E-A0C0-4518-B6DC-272ED1C42796}.Debug|x86.ActiveCfg = Debug|x86
		{21A3AD3E-A0C0-4518-B6DC-272ED1C42796}.Debug|x86.Build.0 = Debug|x86
		{21A3AD3E-A0C0-4518-B6DC-272ED1C42796}.Release|Any CPU.ActiveCfg = Release|x86
		{21A3AD3E-A0C0-4518-B6DC-272ED1C42796}.Release|Mixed Platforms.ActiveCfg = Release|x86
		{21A3AD3E-A0C0-4518-B6DC-272ED1C42796}.Release|Mixed Platforms.Build.0 = Release|x86
		{21A3AD3E-A0C0-4518-B6DC-272ED1C42796}.Release|x86.ActiveCfg = Release|x86
		{21A3AD3E-A0C0-4518-B6DC-272ED1C42796}.Release|x86.Build.0 = Release|x86
		{F4941166-7AF3-4D12-AC62-D94A5BD7089F}.Debug|Any CPU.ActiveCfg = Debug|Any CPU
		{F4941166-7AF3-4D12-AC62-D94A5BD7089F}.Debug|Any CPU.Build.0 = Debug|Any CPU
		{F4941166-7AF3-4D12-AC62-D94A5BD7089F}.Debug|Mixed Platforms.ActiveCfg = Debug|Any CPU
		{F4941166-7AF3-4D12-AC62-D94A5BD7089F}.Debug|Mixed Platforms.Build.0 = Debug|Any CPU
		{F4941166-7AF3-4D12-AC62-D94A5BD7089F}.Debug|x86.ActiveCfg = Debug|Any CPU
		{F4941166-7AF3-4D12-AC62-D94A5BD7089F}.Release|Any CPU.ActiveCfg = Release|Any CPU
		{F4941166-7AF3-4D12-AC62-D94A5BD7089F}.Release|Any CPU.Build.0 = Release|Any CPU
		{F4941166-7AF3-4D12-AC62-D94A5BD7089F}.Release|Mixed Platforms.ActiveCfg = Release|Any CPU
		{F4941166-7AF3-4D12-AC62-D94A5BD7089F}.Release|Mixed Platforms.Build.0 = Release|Any CPU
		{F4941166-7AF3-4D12-AC62-D94A5BD7089F}.Release|x86.ActiveCfg = Release|Any CPU
		{9E7350DA-847E-4DAD-B114-B7E5F06F4063}.Debug|Any CPU.ActiveCfg = Debug|Any CPU
		{9E7350DA-847E-4DAD-B114-B7E5F06F4063}.Debug|Any CPU.Build.0 = Debug|Any CPU
		{9E7350DA-847E-4DAD-B114-B7E5F06F4063}.Debug|Mixed Platforms.ActiveCfg = Debug|Any CPU
		{9E7350DA-847E-4DAD-B114-B7E5F06F4063}.Debug|Mixed Platforms.Build.0 = Debug|Any CPU
		{9E7350DA-847E-4DAD-B114-B7E5F06F4063}.Debug|x86.ActiveCfg = Debug|Any CPU
		{9E7350DA-847E-4DAD-B114-B7E5F06F4063}.Release|Any CPU.ActiveCfg = Release|Any CPU
		{9E7350DA-847E-4DAD-B114-B7E5F06F4063}.Release|Any CPU.Build.0 = Release|Any CPU
		{9E7350DA-847E-4DAD-B114-B7E5F06F4063}.Release|Mixed Platforms.ActiveCfg = Release|Any CPU
		{9E7350DA-847E-4DAD-B114-B7E5F06F4063}.Release|Mixed Platforms.Build.0 = Release|Any CPU
		{9E7350DA-847E-4DAD-B114-B7E5F06F4063}.Release|x86.ActiveCfg = Release|Any CPU
		{47208CAE-F413-4C25-A184-14F1140CA081}.Debug|Any CPU.ActiveCfg = Debug|Any CPU
		{47208CAE-F413-4C25-A184-14F1140CA081}.Debug|Any CPU.Build.0 = Debug|Any CPU
		{47208CAE-F413-4C25-A184-14F1140CA081}.Debug|Mixed Platforms.ActiveCfg = Debug|Any CPU
		{47208CAE-F413-4C25-A184-14F1140CA081}.Debug|Mixed Platforms.Build.0 = Debug|Any CPU
		{47208CAE-F413-4C25-A184-14F1140CA081}.Debug|x86.ActiveCfg = Debug|Any CPU
		{47208CAE-F413-4C25-A184-14F1140CA081}.Release|Any CPU.ActiveCfg = Release|Any CPU
		{47208CAE-F413-4C25-A184-14F1140CA081}.Release|Any CPU.Build.0 = Release|Any CPU
		{47208CAE-F413-4C25-A184-14F1140CA081}.Release|Mixed Platforms.ActiveCfg = Release|Any CPU
		{47208CAE-F413-4C25-A184-14F1140CA081}.Release|Mixed Platforms.Build.0 = Release|Any CPU
		{47208CAE-F413-4C25-A184-14F1140CA081}.Release|x86.ActiveCfg = Release|Any CPU
		{944236CC-A7C6-43A9-ADB7-022EC43896BE}.Debug|Any CPU.ActiveCfg = Debug|Any CPU
		{944236CC-A7C6-43A9-ADB7-022EC43896BE}.Debug|Any CPU.Build.0 = Debug|Any CPU
		{944236CC-A7C6-43A9-ADB7-022EC43896BE}.Debug|Mixed Platforms.ActiveCfg = Debug|Any CPU
		{944236CC-A7C6-43A9-ADB7-022EC43896BE}.Debug|Mixed Platforms.Build.0 = Debug|Any CPU
		{944236CC-A7C6-43A9-ADB7-022EC43896BE}.Debug|x86.ActiveCfg = Debug|Any CPU
		{944236CC-A7C6-43A9-ADB7-022EC43896BE}.Release|Any CPU.ActiveCfg = Release|Any CPU
		{944236CC-A7C6-43A9-ADB7-022EC43896BE}.Release|Any CPU.Build.0 = Release|Any CPU
		{944236CC-A7C6-43A9-ADB7-022EC43896BE}.Release|Mixed Platforms.ActiveCfg = Release|Any CPU
		{944236CC-A7C6-43A9-ADB7-022EC43896BE}.Release|Mixed Platforms.Build.0 = Release|Any CPU
		{944236CC-A7C6-43A9-ADB7-022EC43896BE}.Release|x86.ActiveCfg = Release|Any CPU
		{F31C8A5A-BB2B-474E-BC1F-A14E805EA2E9}.Debug|Any CPU.ActiveCfg = Debug|x86
		{F31C8A5A-BB2B-474E-BC1F-A14E805EA2E9}.Debug|Mixed Platforms.ActiveCfg = Debug|x86
		{F31C8A5A-BB2B-474E-BC1F-A14E805EA2E9}.Debug|Mixed Platforms.Build.0 = Debug|x86
		{F31C8A5A-BB2B-474E-BC1F-A14E805EA2E9}.Debug|x86.ActiveCfg = Debug|x86
		{F31C8A5A-BB2B-474E-BC1F-A14E805EA2E9}.Debug|x86.Build.0 = Debug|x86
		{F31C8A5A-BB2B-474E-BC1F-A14E805EA2E9}.Release|Any CPU.ActiveCfg = Release|x86
		{F31C8A5A-BB2B-474E-BC1F-A14E805EA2E9}.Release|Mixed Platforms.ActiveCfg = Release|x86
		{F31C8A5A-BB2B-474E-BC1F-A14E805EA2E9}.Release|Mixed Platforms.Build.0 = Release|x86
		{F31C8A5A-BB2B-474E-BC1F-A14E805EA2E9}.Release|x86.ActiveCfg = Release|x86
		{F31C8A5A-BB2B-474E-BC1F-A14E805EA2E9}.Release|x86.Build.0 = Release|x86
		{8EA4359D-0A97-4434-8C54-3571CBBF6AAD}.Debug|Any CPU.ActiveCfg = Debug|Any CPU
		{8EA4359D-0A97-4434-8C54-3571CBBF6AAD}.Debug|Any CPU.Build.0 = Debug|Any CPU
		{8EA4359D-0A97-4434-8C54-3571CBBF6AAD}.Debug|Mixed Platforms.ActiveCfg = Debug|Any CPU
		{8EA4359D-0A97-4434-8C54-3571CBBF6AAD}.Debug|Mixed Platforms.Build.0 = Debug|Any CPU
		{8EA4359D-0A97-4434-8C54-3571CBBF6AAD}.Debug|x86.ActiveCfg = Debug|Any CPU
		{8EA4359D-0A97-4434-8C54-3571CBBF6AAD}.Release|Any CPU.ActiveCfg = Release|Any CPU
		{8EA4359D-0A97-4434-8C54-3571CBBF6AAD}.Release|Any CPU.Build.0 = Release|Any CPU
		{8EA4359D-0A97-4434-8C54-3571CBBF6AAD}.Release|Mixed Platforms.ActiveCfg = Release|Any CPU
		{8EA4359D-0A97-4434-8C54-3571CBBF6AAD}.Release|Mixed Platforms.Build.0 = Release|Any CPU
		{8EA4359D-0A97-4434-8C54-3571CBBF6AAD}.Release|x86.ActiveCfg = Release|Any CPU
		{80F48A47-77B5-489D-A693-08D450520136}.Debug|Any CPU.ActiveCfg = Debug|Any CPU
		{80F48A47-77B5-489D-A693-08D450520136}.Debug|Any CPU.Build.0 = Debug|Any CPU
		{80F48A47-77B5-489D-A693-08D450520136}.Debug|Mixed Platforms.ActiveCfg = Debug|Any CPU
		{80F48A47-77B5-489D-A693-08D450520136}.Debug|Mixed Platforms.Build.0 = Debug|Any CPU
		{80F48A47-77B5-489D-A693-08D450520136}.Debug|x86.ActiveCfg = Debug|Any CPU
		{80F48A47-77B5-489D-A693-08D450520136}.Release|Any CPU.ActiveCfg = Release|Any CPU
		{80F48A47-77B5-489D-A693-08D450520136}.Release|Any CPU.Build.0 = Release|Any CPU
		{80F48A47-77B5-489D-A693-08D450520136}.Release|Mixed Platforms.ActiveCfg = Release|Any CPU
		{80F48A47-77B5-489D-A693-08D450520136}.Release|Mixed Platforms.Build.0 = Release|Any CPU
		{80F48A47-77B5-489D-A693-08D450520136}.Release|x86.ActiveCfg = Release|Any CPU
		{32A7511E-A4A8-4668-A43A-0672BEFAB0C9}.Debug|Any CPU.ActiveCfg = Debug|Any CPU
		{32A7511E-A4A8-4668-A43A-0672BEFAB0C9}.Debug|Any CPU.Build.0 = Debug|Any CPU
		{32A7511E-A4A8-4668-A43A-0672BEFAB0C9}.Debug|Mixed Platforms.ActiveCfg = Debug|Any CPU
		{32A7511E-A4A8-4668-A43A-0672BEFAB0C9}.Debug|Mixed Platforms.Build.0 = Debug|Any CPU
		{32A7511E-A4A8-4668-A43A-0672BEFAB0C9}.Debug|x86.ActiveCfg = Debug|Any CPU
		{32A7511E-A4A8-4668-A43A-0672BEFAB0C9}.Release|Any CPU.ActiveCfg = Release|Any CPU
		{32A7511E-A4A8-4668-A43A-0672BEFAB0C9}.Release|Any CPU.Build.0 = Release|Any CPU
		{32A7511E-A4A8-4668-A43A-0672BEFAB0C9}.Release|Mixed Platforms.ActiveCfg = Release|Any CPU
		{32A7511E-A4A8-4668-A43A-0672BEFAB0C9}.Release|Mixed Platforms.Build.0 = Release|Any CPU
		{32A7511E-A4A8-4668-A43A-0672BEFAB0C9}.Release|x86.ActiveCfg = Release|Any CPU
		{D5047643-CFA4-4464-BB26-30777AC0A5F2}.Debug|Any CPU.ActiveCfg = Debug|Any CPU
		{D5047643-CFA4-4464-BB26-30777AC0A5F2}.Debug|Any CPU.Build.0 = Debug|Any CPU
		{D5047643-CFA4-4464-BB26-30777AC0A5F2}.Debug|Mixed Platforms.ActiveCfg = Debug|Any CPU
		{D5047643-CFA4-4464-BB26-30777AC0A5F2}.Debug|Mixed Platforms.Build.0 = Debug|Any CPU
		{D5047643-CFA4-4464-BB26-30777AC0A5F2}.Debug|x86.ActiveCfg = Debug|Any CPU
		{D5047643-CFA4-4464-BB26-30777AC0A5F2}.Release|Any CPU.ActiveCfg = Release|Any CPU
		{D5047643-CFA4-4464-BB26-30777AC0A5F2}.Release|Any CPU.Build.0 = Release|Any CPU
		{D5047643-CFA4-4464-BB26-30777AC0A5F2}.Release|Mixed Platforms.ActiveCfg = Release|Any CPU
		{D5047643-CFA4-4464-BB26-30777AC0A5F2}.Release|Mixed Platforms.Build.0 = Release|Any CPU
		{D5047643-CFA4-4464-BB26-30777AC0A5F2}.Release|x86.ActiveCfg = Release|Any CPU
		{ECD780FD-C4CC-47AC-8E08-7C6A226F28E0}.Debug|Any CPU.ActiveCfg = Debug|Any CPU
		{ECD780FD-C4CC-47AC-8E08-7C6A226F28E0}.Debug|Any CPU.Build.0 = Debug|Any CPU
		{ECD780FD-C4CC-47AC-8E08-7C6A226F28E0}.Debug|Mixed Platforms.ActiveCfg = Debug|Any CPU
		{ECD780FD-C4CC-47AC-8E08-7C6A226F28E0}.Debug|Mixed Platforms.Build.0 = Debug|Any CPU
		{ECD780FD-C4CC-47AC-8E08-7C6A226F28E0}.Debug|x86.ActiveCfg = Debug|Any CPU
		{ECD780FD-C4CC-47AC-8E08-7C6A226F28E0}.Release|Any CPU.ActiveCfg = Release|Any CPU
		{ECD780FD-C4CC-47AC-8E08-7C6A226F28E0}.Release|Any CPU.Build.0 = Release|Any CPU
		{ECD780FD-C4CC-47AC-8E08-7C6A226F28E0}.Release|Mixed Platforms.ActiveCfg = Release|Any CPU
		{ECD780FD-C4CC-47AC-8E08-7C6A226F28E0}.Release|Mixed Platforms.Build.0 = Release|Any CPU
		{ECD780FD-C4CC-47AC-8E08-7C6A226F28E0}.Release|x86.ActiveCfg = Release|Any CPU
		{666536BD-FD4A-4BDF-A5BC-572E07D4E27A}.Debug|Any CPU.ActiveCfg = Debug|x86
		{666536BD-FD4A-4BDF-A5BC-572E07D4E27A}.Debug|Mixed Platforms.ActiveCfg = Debug|x86
		{666536BD-FD4A-4BDF-A5BC-572E07D4E27A}.Debug|Mixed Platforms.Build.0 = Debug|x86
		{666536BD-FD4A-4BDF-A5BC-572E07D4E27A}.Debug|x86.ActiveCfg = Debug|x86
		{666536BD-FD4A-4BDF-A5BC-572E07D4E27A}.Debug|x86.Build.0 = Debug|x86
		{666536BD-FD4A-4BDF-A5BC-572E07D4E27A}.Release|Any CPU.ActiveCfg = Release|x86
		{666536BD-FD4A-4BDF-A5BC-572E07D4E27A}.Release|Mixed Platforms.ActiveCfg = Release|x86
		{666536BD-FD4A-4BDF-A5BC-572E07D4E27A}.Release|Mixed Platforms.Build.0 = Release|x86
		{666536BD-FD4A-4BDF-A5BC-572E07D4E27A}.Release|x86.ActiveCfg = Release|x86
		{666536BD-FD4A-4BDF-A5BC-572E07D4E27A}.Release|x86.Build.0 = Release|x86
		{E5546C53-BE08-44E1-B136-D172C3F2FE3E}.Debug|Any CPU.ActiveCfg = Debug|x86
		{E5546C53-BE08-44E1-B136-D172C3F2FE3E}.Debug|Mixed Platforms.ActiveCfg = Debug|x86
		{E5546C53-BE08-44E1-B136-D172C3F2FE3E}.Debug|Mixed Platforms.Build.0 = Debug|x86
		{E5546C53-BE08-44E1-B136-D172C3F2FE3E}.Debug|x86.ActiveCfg = Debug|x86
		{E5546C53-BE08-44E1-B136-D172C3F2FE3E}.Debug|x86.Build.0 = Debug|x86
		{E5546C53-BE08-44E1-B136-D172C3F2FE3E}.Release|Any CPU.ActiveCfg = Release|x86
		{E5546C53-BE08-44E1-B136-D172C3F2FE3E}.Release|Mixed Platforms.ActiveCfg = Release|x86
		{E5546C53-BE08-44E1-B136-D172C3F2FE3E}.Release|Mixed Platforms.Build.0 = Release|x86
		{E5546C53-BE08-44E1-B136-D172C3F2FE3E}.Release|x86.ActiveCfg = Release|x86
		{E5546C53-BE08-44E1-B136-D172C3F2FE3E}.Release|x86.Build.0 = Release|x86
		{94F65D06-9BCD-413D-AEE3-559E06DDBA2F}.Debug|Any CPU.ActiveCfg = Debug|Any CPU
		{94F65D06-9BCD-413D-AEE3-559E06DDBA2F}.Debug|Any CPU.Build.0 = Debug|Any CPU
		{94F65D06-9BCD-413D-AEE3-559E06DDBA2F}.Debug|Mixed Platforms.ActiveCfg = Debug|Any CPU
		{94F65D06-9BCD-413D-AEE3-559E06DDBA2F}.Debug|Mixed Platforms.Build.0 = Debug|Any CPU
		{94F65D06-9BCD-413D-AEE3-559E06DDBA2F}.Debug|x86.ActiveCfg = Debug|Any CPU
		{94F65D06-9BCD-413D-AEE3-559E06DDBA2F}.Release|Any CPU.ActiveCfg = Release|Any CPU
		{94F65D06-9BCD-413D-AEE3-559E06DDBA2F}.Release|Any CPU.Build.0 = Release|Any CPU
		{94F65D06-9BCD-413D-AEE3-559E06DDBA2F}.Release|Mixed Platforms.ActiveCfg = Release|Any CPU
		{94F65D06-9BCD-413D-AEE3-559E06DDBA2F}.Release|Mixed Platforms.Build.0 = Release|Any CPU
		{94F65D06-9BCD-413D-AEE3-559E06DDBA2F}.Release|x86.ActiveCfg = Release|Any CPU
		{E753813C-608C-4597-8883-78E9601EBB22}.Debug|Any CPU.ActiveCfg = Debug|Any CPU
		{E753813C-608C-4597-8883-78E9601EBB22}.Debug|Any CPU.Build.0 = Debug|Any CPU
		{E753813C-608C-4597-8883-78E9601EBB22}.Debug|Mixed Platforms.ActiveCfg = Debug|Any CPU
		{E753813C-608C-4597-8883-78E9601EBB22}.Debug|Mixed Platforms.Build.0 = Debug|Any CPU
		{E753813C-608C-4597-8883-78E9601EBB22}.Debug|x86.ActiveCfg = Debug|Any CPU
		{E753813C-608C-4597-8883-78E9601EBB22}.Release|Any CPU.ActiveCfg = Release|Any CPU
		{E753813C-608C-4597-8883-78E9601EBB22}.Release|Any CPU.Build.0 = Release|Any CPU
		{E753813C-608C-4597-8883-78E9601EBB22}.Release|Mixed Platforms.ActiveCfg = Release|Any CPU
		{E753813C-608C-4597-8883-78E9601EBB22}.Release|Mixed Platforms.Build.0 = Release|Any CPU
		{E753813C-608C-4597-8883-78E9601EBB22}.Release|x86.ActiveCfg = Release|Any CPU
		{3F2F6722-C36B-420D-AFE7-B21C19457208}.Debug|Any CPU.ActiveCfg = Debug|x86
		{3F2F6722-C36B-420D-AFE7-B21C19457208}.Debug|Mixed Platforms.ActiveCfg = Debug|x86
		{3F2F6722-C36B-420D-AFE7-B21C19457208}.Debug|Mixed Platforms.Build.0 = Debug|x86
		{3F2F6722-C36B-420D-AFE7-B21C19457208}.Debug|x86.ActiveCfg = Debug|x86
		{3F2F6722-C36B-420D-AFE7-B21C19457208}.Debug|x86.Build.0 = Debug|x86
		{3F2F6722-C36B-420D-AFE7-B21C19457208}.Release|Any CPU.ActiveCfg = Release|x86
		{3F2F6722-C36B-420D-AFE7-B21C19457208}.Release|Mixed Platforms.ActiveCfg = Release|x86
		{3F2F6722-C36B-420D-AFE7-B21C19457208}.Release|Mixed Platforms.Build.0 = Release|x86
		{3F2F6722-C36B-420D-AFE7-B21C19457208}.Release|x86.ActiveCfg = Release|x86
		{3F2F6722-C36B-420D-AFE7-B21C19457208}.Release|x86.Build.0 = Release|x86
		{E937824A-B52A-4AA4-A008-710824FC52F3}.Debug|Any CPU.ActiveCfg = Debug|Any CPU
		{E937824A-B52A-4AA4-A008-710824FC52F3}.Debug|Any CPU.Build.0 = Debug|Any CPU
		{E937824A-B52A-4AA4-A008-710824FC52F3}.Debug|Mixed Platforms.ActiveCfg = Debug|Any CPU
		{E937824A-B52A-4AA4-A008-710824FC52F3}.Debug|Mixed Platforms.Build.0 = Debug|Any CPU
		{E937824A-B52A-4AA4-A008-710824FC52F3}.Debug|x86.ActiveCfg = Debug|Any CPU
		{E937824A-B52A-4AA4-A008-710824FC52F3}.Release|Any CPU.ActiveCfg = Release|Any CPU
		{E937824A-B52A-4AA4-A008-710824FC52F3}.Release|Any CPU.Build.0 = Release|Any CPU
		{E937824A-B52A-4AA4-A008-710824FC52F3}.Release|Mixed Platforms.ActiveCfg = Release|Any CPU
		{E937824A-B52A-4AA4-A008-710824FC52F3}.Release|Mixed Platforms.Build.0 = Release|Any CPU
		{E937824A-B52A-4AA4-A008-710824FC52F3}.Release|x86.ActiveCfg = Release|Any CPU
		{CFF01715-2614-4D82-9446-02D4EAD7CA3B}.Debug|Any CPU.ActiveCfg = Debug|Any CPU
		{CFF01715-2614-4D82-9446-02D4EAD7CA3B}.Debug|Any CPU.Build.0 = Debug|Any CPU
		{CFF01715-2614-4D82-9446-02D4EAD7CA3B}.Debug|Mixed Platforms.ActiveCfg = Debug|Any CPU
		{CFF01715-2614-4D82-9446-02D4EAD7CA3B}.Debug|Mixed Platforms.Build.0 = Debug|Any CPU
		{CFF01715-2614-4D82-9446-02D4EAD7CA3B}.Debug|x86.ActiveCfg = Debug|Any CPU
		{CFF01715-2614-4D82-9446-02D4EAD7CA3B}.Release|Any CPU.ActiveCfg = Release|Any CPU
		{CFF01715-2614-4D82-9446-02D4EAD7CA3B}.Release|Any CPU.Build.0 = Release|Any CPU
		{CFF01715-2614-4D82-9446-02D4EAD7CA3B}.Release|Mixed Platforms.ActiveCfg = Release|Any CPU
		{CFF01715-2614-4D82-9446-02D4EAD7CA3B}.Release|Mixed Platforms.Build.0 = Release|Any CPU
		{CFF01715-2614-4D82-9446-02D4EAD7CA3B}.Release|x86.ActiveCfg = Release|Any CPU
		{D42C6737-EF33-40D6-8253-173099F93885}.Debug|Any CPU.ActiveCfg = Debug|x86
		{D42C6737-EF33-40D6-8253-173099F93885}.Debug|Mixed Platforms.ActiveCfg = Debug|x86
		{D42C6737-EF33-40D6-8253-173099F93885}.Debug|Mixed Platforms.Build.0 = Debug|x86
		{D42C6737-EF33-40D6-8253-173099F93885}.Debug|x86.ActiveCfg = Debug|x86
		{D42C6737-EF33-40D6-8253-173099F93885}.Debug|x86.Build.0 = Debug|x86
		{D42C6737-EF33-40D6-8253-173099F93885}.Release|Any CPU.ActiveCfg = Release|x86
		{D42C6737-EF33-40D6-8253-173099F93885}.Release|Mixed Platforms.ActiveCfg = Release|x86
		{D42C6737-EF33-40D6-8253-173099F93885}.Release|Mixed Platforms.Build.0 = Release|x86
		{D42C6737-EF33-40D6-8253-173099F93885}.Release|x86.ActiveCfg = Release|x86
		{D42C6737-EF33-40D6-8253-173099F93885}.Release|x86.Build.0 = Release|x86
		{4D8276AF-BB32-49D8-B691-CC0DC81E07C9}.Debug|Any CPU.ActiveCfg = Debug|Any CPU
		{4D8276AF-BB32-49D8-B691-CC0DC81E07C9}.Debug|Any CPU.Build.0 = Debug|Any CPU
		{4D8276AF-BB32-49D8-B691-CC0DC81E07C9}.Debug|Mixed Platforms.ActiveCfg = Debug|Any CPU
		{4D8276AF-BB32-49D8-B691-CC0DC81E07C9}.Debug|Mixed Platforms.Build.0 = Debug|Any CPU
		{4D8276AF-BB32-49D8-B691-CC0DC81E07C9}.Debug|x86.ActiveCfg = Debug|Any CPU
		{4D8276AF-BB32-49D8-B691-CC0DC81E07C9}.Release|Any CPU.ActiveCfg = Release|Any CPU
		{4D8276AF-BB32-49D8-B691-CC0DC81E07C9}.Release|Any CPU.Build.0 = Release|Any CPU
		{4D8276AF-BB32-49D8-B691-CC0DC81E07C9}.Release|Mixed Platforms.ActiveCfg = Release|Any CPU
		{4D8276AF-BB32-49D8-B691-CC0DC81E07C9}.Release|Mixed Platforms.Build.0 = Release|Any CPU
		{4D8276AF-BB32-49D8-B691-CC0DC81E07C9}.Release|x86.ActiveCfg = Release|Any CPU
		{6A635A9A-FF1B-4072-87D3-5612A53EE9E1}.Debug|Any CPU.ActiveCfg = Debug|Any CPU
		{6A635A9A-FF1B-4072-87D3-5612A53EE9E1}.Debug|Any CPU.Build.0 = Debug|Any CPU
		{6A635A9A-FF1B-4072-87D3-5612A53EE9E1}.Debug|Mixed Platforms.ActiveCfg = Debug|Any CPU
		{6A635A9A-FF1B-4072-87D3-5612A53EE9E1}.Debug|Mixed Platforms.Build.0 = Debug|Any CPU
		{6A635A9A-FF1B-4072-87D3-5612A53EE9E1}.Debug|x86.ActiveCfg = Debug|Any CPU
		{6A635A9A-FF1B-4072-87D3-5612A53EE9E1}.Release|Any CPU.ActiveCfg = Release|Any CPU
		{6A635A9A-FF1B-4072-87D3-5612A53EE9E1}.Release|Any CPU.Build.0 = Release|Any CPU
		{6A635A9A-FF1B-4072-87D3-5612A53EE9E1}.Release|Mixed Platforms.ActiveCfg = Release|Any CPU
		{6A635A9A-FF1B-4072-87D3-5612A53EE9E1}.Release|Mixed Platforms.Build.0 = Release|Any CPU
		{6A635A9A-FF1B-4072-87D3-5612A53EE9E1}.Release|x86.ActiveCfg = Release|Any CPU
		{E561F46E-D579-4C7D-8692-A0351E0F7069}.Debug|Any CPU.ActiveCfg = Debug|x86
		{E561F46E-D579-4C7D-8692-A0351E0F7069}.Debug|Mixed Platforms.ActiveCfg = Debug|x86
		{E561F46E-D579-4C7D-8692-A0351E0F7069}.Debug|Mixed Platforms.Build.0 = Debug|x86
		{E561F46E-D579-4C7D-8692-A0351E0F7069}.Debug|x86.ActiveCfg = Debug|x86
		{E561F46E-D579-4C7D-8692-A0351E0F7069}.Debug|x86.Build.0 = Debug|x86
		{E561F46E-D579-4C7D-8692-A0351E0F7069}.Release|Any CPU.ActiveCfg = Release|x86
		{E561F46E-D579-4C7D-8692-A0351E0F7069}.Release|Mixed Platforms.ActiveCfg = Release|x86
		{E561F46E-D579-4C7D-8692-A0351E0F7069}.Release|Mixed Platforms.Build.0 = Release|x86
		{E561F46E-D579-4C7D-8692-A0351E0F7069}.Release|x86.ActiveCfg = Release|x86
		{E561F46E-D579-4C7D-8692-A0351E0F7069}.Release|x86.Build.0 = Release|x86
		{A8D3A078-0AE5-4A09-9F40-FF7750802192}.Debug|Any CPU.ActiveCfg = Debug|Any CPU
		{A8D3A078-0AE5-4A09-9F40-FF7750802192}.Debug|Any CPU.Build.0 = Debug|Any CPU
		{A8D3A078-0AE5-4A09-9F40-FF7750802192}.Debug|Mixed Platforms.ActiveCfg = Debug|Any CPU
		{A8D3A078-0AE5-4A09-9F40-FF7750802192}.Debug|Mixed Platforms.Build.0 = Debug|Any CPU
		{A8D3A078-0AE5-4A09-9F40-FF7750802192}.Debug|x86.ActiveCfg = Debug|Any CPU
		{A8D3A078-0AE5-4A09-9F40-FF7750802192}.Release|Any CPU.ActiveCfg = Release|Any CPU
		{A8D3A078-0AE5-4A09-9F40-FF7750802192}.Release|Any CPU.Build.0 = Release|Any CPU
		{A8D3A078-0AE5-4A09-9F40-FF7750802192}.Release|Mixed Platforms.ActiveCfg = Release|Any CPU
		{A8D3A078-0AE5-4A09-9F40-FF7750802192}.Release|Mixed Platforms.Build.0 = Release|Any CPU
		{A8D3A078-0AE5-4A09-9F40-FF7750802192}.Release|x86.ActiveCfg = Release|Any CPU
		{F6793B25-149B-441D-8D34-ACB522BE9071}.Debug|Any CPU.ActiveCfg = Debug|x86
		{F6793B25-149B-441D-8D34-ACB522BE9071}.Debug|Mixed Platforms.ActiveCfg = Debug|x86
		{F6793B25-149B-441D-8D34-ACB522BE9071}.Debug|Mixed Platforms.Build.0 = Debug|x86
		{F6793B25-149B-441D-8D34-ACB522BE9071}.Debug|x86.ActiveCfg = Debug|x86
		{F6793B25-149B-441D-8D34-ACB522BE9071}.Debug|x86.Build.0 = Debug|x86
		{F6793B25-149B-441D-8D34-ACB522BE9071}.Release|Any CPU.ActiveCfg = Release|x86
		{F6793B25-149B-441D-8D34-ACB522BE9071}.Release|Mixed Platforms.ActiveCfg = Release|x86
		{F6793B25-149B-441D-8D34-ACB522BE9071}.Release|Mixed Platforms.Build.0 = Release|x86
		{F6793B25-149B-441D-8D34-ACB522BE9071}.Release|x86.ActiveCfg = Release|x86
		{F6793B25-149B-441D-8D34-ACB522BE9071}.Release|x86.Build.0 = Release|x86
		{62ED6116-9C78-4F09-B2A5-0EA97F703ABA}.Debug|Any CPU.ActiveCfg = Debug|Any CPU
		{62ED6116-9C78-4F09-B2A5-0EA97F703ABA}.Debug|Any CPU.Build.0 = Debug|Any CPU
		{62ED6116-9C78-4F09-B2A5-0EA97F703ABA}.Debug|Mixed Platforms.ActiveCfg = Debug|Any CPU
		{62ED6116-9C78-4F09-B2A5-0EA97F703ABA}.Debug|Mixed Platforms.Build.0 = Debug|Any CPU
		{62ED6116-9C78-4F09-B2A5-0EA97F703ABA}.Debug|x86.ActiveCfg = Debug|Any CPU
		{62ED6116-9C78-4F09-B2A5-0EA97F703ABA}.Release|Any CPU.ActiveCfg = Release|Any CPU
		{62ED6116-9C78-4F09-B2A5-0EA97F703ABA}.Release|Any CPU.Build.0 = Release|Any CPU
		{62ED6116-9C78-4F09-B2A5-0EA97F703ABA}.Release|Mixed Platforms.ActiveCfg = Release|Any CPU
		{62ED6116-9C78-4F09-B2A5-0EA97F703ABA}.Release|Mixed Platforms.Build.0 = Release|Any CPU
		{62ED6116-9C78-4F09-B2A5-0EA97F703ABA}.Release|x86.ActiveCfg = Release|Any CPU
		{1BE54B9E-5A26-44EA-B6D9-C3E1D46BF225}.Debug|Any CPU.ActiveCfg = Debug|Any CPU
		{1BE54B9E-5A26-44EA-B6D9-C3E1D46BF225}.Debug|Any CPU.Build.0 = Debug|Any CPU
		{1BE54B9E-5A26-44EA-B6D9-C3E1D46BF225}.Debug|Mixed Platforms.ActiveCfg = Debug|Any CPU
		{1BE54B9E-5A26-44EA-B6D9-C3E1D46BF225}.Debug|Mixed Platforms.Build.0 = Debug|Any CPU
		{1BE54B9E-5A26-44EA-B6D9-C3E1D46BF225}.Debug|x86.ActiveCfg = Debug|Any CPU
		{1BE54B9E-5A26-44EA-B6D9-C3E1D46BF225}.Release|Any CPU.ActiveCfg = Release|Any CPU
		{1BE54B9E-5A26-44EA-B6D9-C3E1D46BF225}.Release|Any CPU.Build.0 = Release|Any CPU
		{1BE54B9E-5A26-44EA-B6D9-C3E1D46BF225}.Release|Mixed Platforms.ActiveCfg = Release|Any CPU
		{1BE54B9E-5A26-44EA-B6D9-C3E1D46BF225}.Release|Mixed Platforms.Build.0 = Release|Any CPU
		{1BE54B9E-5A26-44EA-B6D9-C3E1D46BF225}.Release|x86.ActiveCfg = Release|Any CPU
		{57DA143A-8BCB-4A88-9D27-E436613E1A66}.Debug|Any CPU.ActiveCfg = Debug|Any CPU
		{57DA143A-8BCB-4A88-9D27-E436613E1A66}.Debug|Any CPU.Build.0 = Debug|Any CPU
		{57DA143A-8BCB-4A88-9D27-E436613E1A66}.Debug|Mixed Platforms.ActiveCfg = Debug|Any CPU
		{57DA143A-8BCB-4A88-9D27-E436613E1A66}.Debug|Mixed Platforms.Build.0 = Debug|Any CPU
		{57DA143A-8BCB-4A88-9D27-E436613E1A66}.Debug|x86.ActiveCfg = Debug|Any CPU
		{57DA143A-8BCB-4A88-9D27-E436613E1A66}.Release|Any CPU.ActiveCfg = Release|Any CPU
		{57DA143A-8BCB-4A88-9D27-E436613E1A66}.Release|Any CPU.Build.0 = Release|Any CPU
		{57DA143A-8BCB-4A88-9D27-E436613E1A66}.Release|Mixed Platforms.ActiveCfg = Release|Any CPU
		{57DA143A-8BCB-4A88-9D27-E436613E1A66}.Release|Mixed Platforms.Build.0 = Release|Any CPU
		{57DA143A-8BCB-4A88-9D27-E436613E1A66}.Release|x86.ActiveCfg = Release|Any CPU
		{24685E6B-0E58-4333-9557-4872943A8715}.Debug|Any CPU.ActiveCfg = Debug|Any CPU
		{24685E6B-0E58-4333-9557-4872943A8715}.Debug|Any CPU.Build.0 = Debug|Any CPU
		{24685E6B-0E58-4333-9557-4872943A8715}.Debug|Mixed Platforms.ActiveCfg = Debug|Any CPU
		{24685E6B-0E58-4333-9557-4872943A8715}.Debug|Mixed Platforms.Build.0 = Debug|Any CPU
		{24685E6B-0E58-4333-9557-4872943A8715}.Debug|x86.ActiveCfg = Debug|Any CPU
		{24685E6B-0E58-4333-9557-4872943A8715}.Release|Any CPU.ActiveCfg = Release|Any CPU
		{24685E6B-0E58-4333-9557-4872943A8715}.Release|Any CPU.Build.0 = Release|Any CPU
		{24685E6B-0E58-4333-9557-4872943A8715}.Release|Mixed Platforms.ActiveCfg = Release|Any CPU
		{24685E6B-0E58-4333-9557-4872943A8715}.Release|Mixed Platforms.Build.0 = Release|Any CPU
		{24685E6B-0E58-4333-9557-4872943A8715}.Release|x86.ActiveCfg = Release|Any CPU
		{FBA2D0D7-BA5A-421E-A72A-A23476E00980}.Debug|Any CPU.ActiveCfg = Debug|Any CPU
		{FBA2D0D7-BA5A-421E-A72A-A23476E00980}.Debug|Any CPU.Build.0 = Debug|Any CPU
		{FBA2D0D7-BA5A-421E-A72A-A23476E00980}.Debug|Mixed Platforms.ActiveCfg = Debug|Any CPU
		{FBA2D0D7-BA5A-421E-A72A-A23476E00980}.Debug|Mixed Platforms.Build.0 = Debug|Any CPU
		{FBA2D0D7-BA5A-421E-A72A-A23476E00980}.Debug|x86.ActiveCfg = Debug|Any CPU
		{FBA2D0D7-BA5A-421E-A72A-A23476E00980}.Release|Any CPU.ActiveCfg = Release|Any CPU
		{FBA2D0D7-BA5A-421E-A72A-A23476E00980}.Release|Any CPU.Build.0 = Release|Any CPU
		{FBA2D0D7-BA5A-421E-A72A-A23476E00980}.Release|Mixed Platforms.ActiveCfg = Release|Any CPU
		{FBA2D0D7-BA5A-421E-A72A-A23476E00980}.Release|Mixed Platforms.Build.0 = Release|Any CPU
		{FBA2D0D7-BA5A-421E-A72A-A23476E00980}.Release|x86.ActiveCfg = Release|Any CPU
		{E558B18D-AE28-4EAC-BFF5-97EE5CDA49EB}.Debug|Any CPU.ActiveCfg = Debug|Any CPU
		{E558B18D-AE28-4EAC-BFF5-97EE5CDA49EB}.Debug|Any CPU.Build.0 = Debug|Any CPU
		{E558B18D-AE28-4EAC-BFF5-97EE5CDA49EB}.Debug|Mixed Platforms.ActiveCfg = Debug|Any CPU
		{E558B18D-AE28-4EAC-BFF5-97EE5CDA49EB}.Debug|Mixed Platforms.Build.0 = Debug|Any CPU
		{E558B18D-AE28-4EAC-BFF5-97EE5CDA49EB}.Debug|x86.ActiveCfg = Debug|Any CPU
		{E558B18D-AE28-4EAC-BFF5-97EE5CDA49EB}.Release|Any CPU.ActiveCfg = Release|Any CPU
		{E558B18D-AE28-4EAC-BFF5-97EE5CDA49EB}.Release|Any CPU.Build.0 = Release|Any CPU
		{E558B18D-AE28-4EAC-BFF5-97EE5CDA49EB}.Release|Mixed Platforms.ActiveCfg = Release|Any CPU
		{E558B18D-AE28-4EAC-BFF5-97EE5CDA49EB}.Release|Mixed Platforms.Build.0 = Release|Any CPU
		{E558B18D-AE28-4EAC-BFF5-97EE5CDA49EB}.Release|x86.ActiveCfg = Release|Any CPU
		{96B9A976-FE7A-4B0C-A286-363C6D58C4CD}.Debug|Any CPU.ActiveCfg = Debug|Any CPU
		{96B9A976-FE7A-4B0C-A286-363C6D58C4CD}.Debug|Any CPU.Build.0 = Debug|Any CPU
		{96B9A976-FE7A-4B0C-A286-363C6D58C4CD}.Debug|Mixed Platforms.ActiveCfg = Debug|Any CPU
		{96B9A976-FE7A-4B0C-A286-363C6D58C4CD}.Debug|Mixed Platforms.Build.0 = Debug|Any CPU
		{96B9A976-FE7A-4B0C-A286-363C6D58C4CD}.Debug|x86.ActiveCfg = Debug|Any CPU
		{96B9A976-FE7A-4B0C-A286-363C6D58C4CD}.Release|Any CPU.ActiveCfg = Release|Any CPU
		{96B9A976-FE7A-4B0C-A286-363C6D58C4CD}.Release|Any CPU.Build.0 = Release|Any CPU
		{96B9A976-FE7A-4B0C-A286-363C6D58C4CD}.Release|Mixed Platforms.ActiveCfg = Release|Any CPU
		{96B9A976-FE7A-4B0C-A286-363C6D58C4CD}.Release|Mixed Platforms.Build.0 = Release|Any CPU
		{96B9A976-FE7A-4B0C-A286-363C6D58C4CD}.Release|x86.ActiveCfg = Release|Any CPU
		{2C81FA5B-9D19-4600-8F52-FCDEC5FC8DF4}.Debug|Any CPU.ActiveCfg = Debug|Any CPU
		{2C81FA5B-9D19-4600-8F52-FCDEC5FC8DF4}.Debug|Any CPU.Build.0 = Debug|Any CPU
		{2C81FA5B-9D19-4600-8F52-FCDEC5FC8DF4}.Debug|Mixed Platforms.ActiveCfg = Debug|Any CPU
		{2C81FA5B-9D19-4600-8F52-FCDEC5FC8DF4}.Debug|Mixed Platforms.Build.0 = Debug|Any CPU
		{2C81FA5B-9D19-4600-8F52-FCDEC5FC8DF4}.Debug|x86.ActiveCfg = Debug|Any CPU
		{2C81FA5B-9D19-4600-8F52-FCDEC5FC8DF4}.Release|Any CPU.ActiveCfg = Release|Any CPU
		{2C81FA5B-9D19-4600-8F52-FCDEC5FC8DF4}.Release|Any CPU.Build.0 = Release|Any CPU
		{2C81FA5B-9D19-4600-8F52-FCDEC5FC8DF4}.Release|Mixed Platforms.ActiveCfg = Release|Any CPU
		{2C81FA5B-9D19-4600-8F52-FCDEC5FC8DF4}.Release|Mixed Platforms.Build.0 = Release|Any CPU
		{2C81FA5B-9D19-4600-8F52-FCDEC5FC8DF4}.Release|x86.ActiveCfg = Release|Any CPU
		{DEED8843-0C77-4C8C-93C5-3E5768314A63}.Debug|Any CPU.ActiveCfg = Debug|Any CPU
		{DEED8843-0C77-4C8C-93C5-3E5768314A63}.Debug|Any CPU.Build.0 = Debug|Any CPU
		{DEED8843-0C77-4C8C-93C5-3E5768314A63}.Debug|Mixed Platforms.ActiveCfg = Debug|Any CPU
		{DEED8843-0C77-4C8C-93C5-3E5768314A63}.Debug|Mixed Platforms.Build.0 = Debug|Any CPU
		{DEED8843-0C77-4C8C-93C5-3E5768314A63}.Debug|x86.ActiveCfg = Debug|Any CPU
		{DEED8843-0C77-4C8C-93C5-3E5768314A63}.Release|Any CPU.ActiveCfg = Release|Any CPU
		{DEED8843-0C77-4C8C-93C5-3E5768314A63}.Release|Any CPU.Build.0 = Release|Any CPU
		{DEED8843-0C77-4C8C-93C5-3E5768314A63}.Release|Mixed Platforms.ActiveCfg = Release|Any CPU
		{DEED8843-0C77-4C8C-93C5-3E5768314A63}.Release|Mixed Platforms.Build.0 = Release|Any CPU
		{DEED8843-0C77-4C8C-93C5-3E5768314A63}.Release|x86.ActiveCfg = Release|Any CPU
		{4338A22B-92E6-4812-9E5F-3E1611A329A8}.Debug|Any CPU.ActiveCfg = Debug|Any CPU
		{4338A22B-92E6-4812-9E5F-3E1611A329A8}.Debug|Any CPU.Build.0 = Debug|Any CPU
		{4338A22B-92E6-4812-9E5F-3E1611A329A8}.Debug|Mixed Platforms.ActiveCfg = Debug|Any CPU
		{4338A22B-92E6-4812-9E5F-3E1611A329A8}.Debug|Mixed Platforms.Build.0 = Debug|Any CPU
		{4338A22B-92E6-4812-9E5F-3E1611A329A8}.Debug|x86.ActiveCfg = Debug|Any CPU
		{4338A22B-92E6-4812-9E5F-3E1611A329A8}.Release|Any CPU.ActiveCfg = Release|Any CPU
		{4338A22B-92E6-4812-9E5F-3E1611A329A8}.Release|Any CPU.Build.0 = Release|Any CPU
		{4338A22B-92E6-4812-9E5F-3E1611A329A8}.Release|Mixed Platforms.ActiveCfg = Release|Any CPU
		{4338A22B-92E6-4812-9E5F-3E1611A329A8}.Release|Mixed Platforms.Build.0 = Release|Any CPU
		{4338A22B-92E6-4812-9E5F-3E1611A329A8}.Release|x86.ActiveCfg = Release|Any CPU
		{C9ADD5DC-090D-4003-BBA9-CF9218C938B2}.Debug|Any CPU.ActiveCfg = Debug|x86
		{C9ADD5DC-090D-4003-BBA9-CF9218C938B2}.Debug|Mixed Platforms.ActiveCfg = Debug|x86
		{C9ADD5DC-090D-4003-BBA9-CF9218C938B2}.Debug|Mixed Platforms.Build.0 = Debug|x86
		{C9ADD5DC-090D-4003-BBA9-CF9218C938B2}.Debug|x86.ActiveCfg = Debug|x86
		{C9ADD5DC-090D-4003-BBA9-CF9218C938B2}.Debug|x86.Build.0 = Debug|x86
		{C9ADD5DC-090D-4003-BBA9-CF9218C938B2}.Release|Any CPU.ActiveCfg = Release|x86
		{C9ADD5DC-090D-4003-BBA9-CF9218C938B2}.Release|Mixed Platforms.ActiveCfg = Release|x86
		{C9ADD5DC-090D-4003-BBA9-CF9218C938B2}.Release|Mixed Platforms.Build.0 = Release|x86
		{C9ADD5DC-090D-4003-BBA9-CF9218C938B2}.Release|x86.ActiveCfg = Release|x86
		{C9ADD5DC-090D-4003-BBA9-CF9218C938B2}.Release|x86.Build.0 = Release|x86
		{28FDA320-130A-4B64-8199-B6A3F7F6D56A}.Debug|Any CPU.ActiveCfg = Debug|x86
		{28FDA320-130A-4B64-8199-B6A3F7F6D56A}.Debug|Mixed Platforms.ActiveCfg = Debug|x86
		{28FDA320-130A-4B64-8199-B6A3F7F6D56A}.Debug|Mixed Platforms.Build.0 = Debug|x86
		{28FDA320-130A-4B64-8199-B6A3F7F6D56A}.Debug|x86.ActiveCfg = Debug|x86
		{28FDA320-130A-4B64-8199-B6A3F7F6D56A}.Debug|x86.Build.0 = Debug|x86
		{28FDA320-130A-4B64-8199-B6A3F7F6D56A}.Release|Any CPU.ActiveCfg = Release|x86
		{28FDA320-130A-4B64-8199-B6A3F7F6D56A}.Release|Mixed Platforms.ActiveCfg = Release|x86
		{28FDA320-130A-4B64-8199-B6A3F7F6D56A}.Release|Mixed Platforms.Build.0 = Release|x86
		{28FDA320-130A-4B64-8199-B6A3F7F6D56A}.Release|x86.ActiveCfg = Release|x86
		{28FDA320-130A-4B64-8199-B6A3F7F6D56A}.Release|x86.Build.0 = Release|x86
		{4BF1CA71-AFEB-4325-AEC7-10A5B14CE024}.Debug|Any CPU.ActiveCfg = Debug|Any CPU
		{4BF1CA71-AFEB-4325-AEC7-10A5B14CE024}.Debug|Any CPU.Build.0 = Debug|Any CPU
		{4BF1CA71-AFEB-4325-AEC7-10A5B14CE024}.Debug|Mixed Platforms.ActiveCfg = Debug|Any CPU
		{4BF1CA71-AFEB-4325-AEC7-10A5B14CE024}.Debug|Mixed Platforms.Build.0 = Debug|Any CPU
		{4BF1CA71-AFEB-4325-AEC7-10A5B14CE024}.Debug|x86.ActiveCfg = Debug|Any CPU
		{4BF1CA71-AFEB-4325-AEC7-10A5B14CE024}.Release|Any CPU.ActiveCfg = Release|Any CPU
		{4BF1CA71-AFEB-4325-AEC7-10A5B14CE024}.Release|Any CPU.Build.0 = Release|Any CPU
		{4BF1CA71-AFEB-4325-AEC7-10A5B14CE024}.Release|Mixed Platforms.ActiveCfg = Release|Any CPU
		{4BF1CA71-AFEB-4325-AEC7-10A5B14CE024}.Release|Mixed Platforms.Build.0 = Release|Any CPU
		{4BF1CA71-AFEB-4325-AEC7-10A5B14CE024}.Release|x86.ActiveCfg = Release|Any CPU
		{DAB4A1E8-CFE6-4186-B61D-3E410BD61E90}.Debug|Any CPU.ActiveCfg = Debug|Any CPU
		{DAB4A1E8-CFE6-4186-B61D-3E410BD61E90}.Debug|Any CPU.Build.0 = Debug|Any CPU
		{DAB4A1E8-CFE6-4186-B61D-3E410BD61E90}.Debug|Mixed Platforms.ActiveCfg = Debug|Any CPU
		{DAB4A1E8-CFE6-4186-B61D-3E410BD61E90}.Debug|Mixed Platforms.Build.0 = Debug|Any CPU
		{DAB4A1E8-CFE6-4186-B61D-3E410BD61E90}.Debug|x86.ActiveCfg = Debug|Any CPU
		{DAB4A1E8-CFE6-4186-B61D-3E410BD61E90}.Release|Any CPU.ActiveCfg = Release|Any CPU
		{DAB4A1E8-CFE6-4186-B61D-3E410BD61E90}.Release|Any CPU.Build.0 = Release|Any CPU
		{DAB4A1E8-CFE6-4186-B61D-3E410BD61E90}.Release|Mixed Platforms.ActiveCfg = Release|Any CPU
		{DAB4A1E8-CFE6-4186-B61D-3E410BD61E90}.Release|Mixed Platforms.Build.0 = Release|Any CPU
		{DAB4A1E8-CFE6-4186-B61D-3E410BD61E90}.Release|x86.ActiveCfg = Release|Any CPU
		{83FCEF97-E7C2-4103-8350-FCD4DA425AA6}.Debug|Any CPU.ActiveCfg = Debug|Any CPU
		{83FCEF97-E7C2-4103-8350-FCD4DA425AA6}.Debug|Any CPU.Build.0 = Debug|Any CPU
		{83FCEF97-E7C2-4103-8350-FCD4DA425AA6}.Debug|Mixed Platforms.ActiveCfg = Debug|Any CPU
		{83FCEF97-E7C2-4103-8350-FCD4DA425AA6}.Debug|Mixed Platforms.Build.0 = Debug|Any CPU
		{83FCEF97-E7C2-4103-8350-FCD4DA425AA6}.Debug|x86.ActiveCfg = Debug|Any CPU
		{83FCEF97-E7C2-4103-8350-FCD4DA425AA6}.Release|Any CPU.ActiveCfg = Release|Any CPU
		{83FCEF97-E7C2-4103-8350-FCD4DA425AA6}.Release|Any CPU.Build.0 = Release|Any CPU
		{83FCEF97-E7C2-4103-8350-FCD4DA425AA6}.Release|Mixed Platforms.ActiveCfg = Release|Any CPU
		{83FCEF97-E7C2-4103-8350-FCD4DA425AA6}.Release|Mixed Platforms.Build.0 = Release|Any CPU
		{83FCEF97-E7C2-4103-8350-FCD4DA425AA6}.Release|x86.ActiveCfg = Release|Any CPU
	EndGlobalSection
	GlobalSection(SolutionProperties) = preSolution
		HideSolutionNode = FALSE
	EndGlobalSection
EndGlobal
