
Microsoft Visual Studio Solution File, Format Version 11.00
# Visual Studio 2010
Project("{FAE04EC0-301F-11D3-BF4B-00C04F79EFBC}") = "Change-Module", "Change-Module\Change-Module.csproj", "{825E4644-8F24-4CE5-AA42-7A8FA635B90C}"
EndProject
Project("{F184B08F-C81C-45F6-A57F-5ABD9991F28F}") = "Ontolog-Module", "..\Ontolog-Module\Ontolog-Module\Ontolog-Module.vbproj", "{3F2F6722-C36B-420D-AFE7-B21C19457208}"
EndProject
Project("{F184B08F-C81C-45F6-A57F-5ABD9991F28F}") = "Security-Module", "..\Security-Module\Security-Module\Security-Module.vbproj", "{C9ADD5DC-090D-4003-BBA9-CF9218C938B2}"
EndProject
Project("{F184B08F-C81C-45F6-A57F-5ABD9991F28F}") = "Process-Module", "..\Process-Module\Process-Module\Process-Module.vbproj", "{E561F46E-D579-4C7D-8692-A0351E0F7069}"
EndProject
Project("{F184B08F-C81C-45F6-A57F-5ABD9991F28F}") = "Log-Module", "..\Log-Module\Log-Module\Log-Module.vbproj", "{666536BD-FD4A-4BDF-A5BC-572E07D4E27A}"
EndProject
Global
	GlobalSection(SolutionConfigurationPlatforms) = preSolution
		Debug|x86 = Debug|x86
		Release|x86 = Release|x86
	EndGlobalSection
	GlobalSection(ProjectConfigurationPlatforms) = postSolution
		{825E4644-8F24-4CE5-AA42-7A8FA635B90C}.Debug|x86.ActiveCfg = Debug|x86
		{825E4644-8F24-4CE5-AA42-7A8FA635B90C}.Debug|x86.Build.0 = Debug|x86
		{825E4644-8F24-4CE5-AA42-7A8FA635B90C}.Release|x86.ActiveCfg = Release|x86
		{825E4644-8F24-4CE5-AA42-7A8FA635B90C}.Release|x86.Build.0 = Release|x86
		{3F2F6722-C36B-420D-AFE7-B21C19457208}.Debug|x86.ActiveCfg = Debug|x86
		{3F2F6722-C36B-420D-AFE7-B21C19457208}.Debug|x86.Build.0 = Debug|x86
		{3F2F6722-C36B-420D-AFE7-B21C19457208}.Release|x86.ActiveCfg = Release|x86
		{3F2F6722-C36B-420D-AFE7-B21C19457208}.Release|x86.Build.0 = Release|x86
		{C9ADD5DC-090D-4003-BBA9-CF9218C938B2}.Debug|x86.ActiveCfg = Debug|x86
		{C9ADD5DC-090D-4003-BBA9-CF9218C938B2}.Debug|x86.Build.0 = Debug|x86
		{C9ADD5DC-090D-4003-BBA9-CF9218C938B2}.Release|x86.ActiveCfg = Release|x86
		{C9ADD5DC-090D-4003-BBA9-CF9218C938B2}.Release|x86.Build.0 = Release|x86
		{E561F46E-D579-4C7D-8692-A0351E0F7069}.Debug|x86.ActiveCfg = Debug|x86
		{E561F46E-D579-4C7D-8692-A0351E0F7069}.Debug|x86.Build.0 = Debug|x86
		{E561F46E-D579-4C7D-8692-A0351E0F7069}.Release|x86.ActiveCfg = Release|x86
		{E561F46E-D579-4C7D-8692-A0351E0F7069}.Release|x86.Build.0 = Release|x86
		{666536BD-FD4A-4BDF-A5BC-572E07D4E27A}.Debug|x86.ActiveCfg = Debug|x86
		{666536BD-FD4A-4BDF-A5BC-572E07D4E27A}.Debug|x86.Build.0 = Debug|x86
		{666536BD-FD4A-4BDF-A5BC-572E07D4E27A}.Release|x86.ActiveCfg = Release|x86
		{666536BD-FD4A-4BDF-A5BC-572E07D4E27A}.Release|x86.Build.0 = Release|x86
	EndGlobalSection
	GlobalSection(SolutionProperties) = preSolution
		HideSolutionNode = FALSE
	EndGlobalSection
EndGlobal
