
Microsoft Visual Studio Solution File, Format Version 11.00
# Visual Studio 2010
Project("{F184B08F-C81C-45F6-A57F-5ABD9991F28F}") = "Process-Module", "Process-Module\Process-Module.vbproj", "{E561F46E-D579-4C7D-8692-A0351E0F7069}"
EndProject
Project("{F184B08F-C81C-45F6-A57F-5ABD9991F28F}") = "Ontolog-Module", "..\Ontolog-Module\Ontolog-Module\Ontolog-Module.vbproj", "{3F2F6722-C36B-420D-AFE7-B21C19457208}"
EndProject
Project("{F184B08F-C81C-45F6-A57F-5ABD9991F28F}") = "Media-Viewer-Module", "..\Media-Viewer-Module\Media-Viewer-Module\Media-Viewer-Module.vbproj", "{E5546C53-BE08-44E1-B136-D172C3F2FE3E}"
EndProject
Project("{F184B08F-C81C-45F6-A57F-5ABD9991F28F}") = "Filesystem-Module", "..\Filesystem-Module\Filesystem-Module\Filesystem-Module.vbproj", "{F31C8A5A-BB2B-474E-BC1F-A14E805EA2E9}"
EndProject
Global
	GlobalSection(SolutionConfigurationPlatforms) = preSolution
		Debug|x86 = Debug|x86
		Release|x86 = Release|x86
	EndGlobalSection
	GlobalSection(ProjectConfigurationPlatforms) = postSolution
		{E561F46E-D579-4C7D-8692-A0351E0F7069}.Debug|x86.ActiveCfg = Debug|x86
		{E561F46E-D579-4C7D-8692-A0351E0F7069}.Debug|x86.Build.0 = Debug|x86
		{E561F46E-D579-4C7D-8692-A0351E0F7069}.Release|x86.ActiveCfg = Release|x86
		{E561F46E-D579-4C7D-8692-A0351E0F7069}.Release|x86.Build.0 = Release|x86
		{3F2F6722-C36B-420D-AFE7-B21C19457208}.Debug|x86.ActiveCfg = Debug|x86
		{3F2F6722-C36B-420D-AFE7-B21C19457208}.Debug|x86.Build.0 = Debug|x86
		{3F2F6722-C36B-420D-AFE7-B21C19457208}.Release|x86.ActiveCfg = Release|x86
		{3F2F6722-C36B-420D-AFE7-B21C19457208}.Release|x86.Build.0 = Release|x86
		{E5546C53-BE08-44E1-B136-D172C3F2FE3E}.Debug|x86.ActiveCfg = Debug|x86
		{E5546C53-BE08-44E1-B136-D172C3F2FE3E}.Debug|x86.Build.0 = Debug|x86
		{E5546C53-BE08-44E1-B136-D172C3F2FE3E}.Release|x86.ActiveCfg = Release|x86
		{E5546C53-BE08-44E1-B136-D172C3F2FE3E}.Release|x86.Build.0 = Release|x86
		{F31C8A5A-BB2B-474E-BC1F-A14E805EA2E9}.Debug|x86.ActiveCfg = Debug|x86
		{F31C8A5A-BB2B-474E-BC1F-A14E805EA2E9}.Debug|x86.Build.0 = Debug|x86
		{F31C8A5A-BB2B-474E-BC1F-A14E805EA2E9}.Release|x86.ActiveCfg = Release|x86
		{F31C8A5A-BB2B-474E-BC1F-A14E805EA2E9}.Release|x86.Build.0 = Release|x86
	EndGlobalSection
	GlobalSection(SolutionProperties) = preSolution
		HideSolutionNode = FALSE
	EndGlobalSection
EndGlobal
