
Microsoft Visual Studio Solution File, Format Version 12.00
# Visual Studio 2012
Project("{FAE04EC0-301F-11D3-BF4B-00C04F79EFBC}") = "ImageList-Module", "ImageList-Module\ImageList-Module.csproj", "{3C17411E-D192-41F6-8E7B-431C3754839E}"
EndProject
Project("{FAE04EC0-301F-11D3-BF4B-00C04F79EFBC}") = "OntologyClasses", "..\OntologyClasses\OntologyClasses.csproj", "{E937824A-B52A-4AA4-A008-710824FC52F3}"
EndProject
Project("{F184B08F-C81C-45F6-A57F-5ABD9991F28F}") = "Ontolog-Module", "..\Ontolog-Module\Ontolog-Module\Ontolog-Module.vbproj", "{3F2F6722-C36B-420D-AFE7-B21C19457208}"
EndProject
Project("{F184B08F-C81C-45F6-A57F-5ABD9991F28F}") = "Media-Viewer-Module", "..\Media-Viewer-Module\Media-Viewer-Module\Media-Viewer-Module.vbproj", "{E5546C53-BE08-44E1-B136-D172C3F2FE3E}"
EndProject
Global
	GlobalSection(SolutionConfigurationPlatforms) = preSolution
		Debug|Any CPU = Debug|Any CPU
		Debug|Mixed Platforms = Debug|Mixed Platforms
		Debug|x86 = Debug|x86
		Release|Any CPU = Release|Any CPU
		Release|Mixed Platforms = Release|Mixed Platforms
		Release|x86 = Release|x86
	EndGlobalSection
	GlobalSection(ProjectConfigurationPlatforms) = postSolution
		{3C17411E-D192-41F6-8E7B-431C3754839E}.Debug|Any CPU.ActiveCfg = Debug|Any CPU
		{3C17411E-D192-41F6-8E7B-431C3754839E}.Debug|Any CPU.Build.0 = Debug|Any CPU
		{3C17411E-D192-41F6-8E7B-431C3754839E}.Debug|Mixed Platforms.ActiveCfg = Debug|Any CPU
		{3C17411E-D192-41F6-8E7B-431C3754839E}.Debug|Mixed Platforms.Build.0 = Debug|Any CPU
		{3C17411E-D192-41F6-8E7B-431C3754839E}.Debug|x86.ActiveCfg = Debug|Any CPU
		{3C17411E-D192-41F6-8E7B-431C3754839E}.Release|Any CPU.ActiveCfg = Release|Any CPU
		{3C17411E-D192-41F6-8E7B-431C3754839E}.Release|Any CPU.Build.0 = Release|Any CPU
		{3C17411E-D192-41F6-8E7B-431C3754839E}.Release|Mixed Platforms.ActiveCfg = Release|Any CPU
		{3C17411E-D192-41F6-8E7B-431C3754839E}.Release|Mixed Platforms.Build.0 = Release|Any CPU
		{3C17411E-D192-41F6-8E7B-431C3754839E}.Release|x86.ActiveCfg = Release|Any CPU
		{E937824A-B52A-4AA4-A008-710824FC52F3}.Debug|Any CPU.ActiveCfg = Debug|Any CPU
		{E937824A-B52A-4AA4-A008-710824FC52F3}.Debug|Any CPU.Build.0 = Debug|Any CPU
		{E937824A-B52A-4AA4-A008-710824FC52F3}.Debug|Mixed Platforms.ActiveCfg = Debug|Any CPU
		{E937824A-B52A-4AA4-A008-710824FC52F3}.Debug|Mixed Platforms.Build.0 = Debug|Any CPU
		{E937824A-B52A-4AA4-A008-710824FC52F3}.Debug|x86.ActiveCfg = Debug|Any CPU
		{E937824A-B52A-4AA4-A008-710824FC52F3}.Release|Any CPU.ActiveCfg = Release|Any CPU
		{E937824A-B52A-4AA4-A008-710824FC52F3}.Release|Any CPU.Build.0 = Release|Any CPU
		{E937824A-B52A-4AA4-A008-710824FC52F3}.Release|Mixed Platforms.ActiveCfg = Release|Any CPU
		{E937824A-B52A-4AA4-A008-710824FC52F3}.Release|Mixed Platforms.Build.0 = Release|Any CPU
		{E937824A-B52A-4AA4-A008-710824FC52F3}.Release|x86.ActiveCfg = Release|Any CPU
		{3F2F6722-C36B-420D-AFE7-B21C19457208}.Debug|Any CPU.ActiveCfg = Debug|x86
		{3F2F6722-C36B-420D-AFE7-B21C19457208}.Debug|Mixed Platforms.ActiveCfg = Debug|x86
		{3F2F6722-C36B-420D-AFE7-B21C19457208}.Debug|Mixed Platforms.Build.0 = Debug|x86
		{3F2F6722-C36B-420D-AFE7-B21C19457208}.Debug|x86.ActiveCfg = Debug|x86
		{3F2F6722-C36B-420D-AFE7-B21C19457208}.Debug|x86.Build.0 = Debug|x86
		{3F2F6722-C36B-420D-AFE7-B21C19457208}.Release|Any CPU.ActiveCfg = Release|x86
		{3F2F6722-C36B-420D-AFE7-B21C19457208}.Release|Mixed Platforms.ActiveCfg = Release|x86
		{3F2F6722-C36B-420D-AFE7-B21C19457208}.Release|Mixed Platforms.Build.0 = Release|x86
		{3F2F6722-C36B-420D-AFE7-B21C19457208}.Release|x86.ActiveCfg = Release|x86
		{3F2F6722-C36B-420D-AFE7-B21C19457208}.Release|x86.Build.0 = Release|x86
		{E5546C53-BE08-44E1-B136-D172C3F2FE3E}.Debug|Any CPU.ActiveCfg = Debug|x86
		{E5546C53-BE08-44E1-B136-D172C3F2FE3E}.Debug|Mixed Platforms.ActiveCfg = Debug|x86
		{E5546C53-BE08-44E1-B136-D172C3F2FE3E}.Debug|Mixed Platforms.Build.0 = Debug|x86
		{E5546C53-BE08-44E1-B136-D172C3F2FE3E}.Debug|x86.ActiveCfg = Debug|x86
		{E5546C53-BE08-44E1-B136-D172C3F2FE3E}.Debug|x86.Build.0 = Debug|x86
		{E5546C53-BE08-44E1-B136-D172C3F2FE3E}.Release|Any CPU.ActiveCfg = Release|x86
		{E5546C53-BE08-44E1-B136-D172C3F2FE3E}.Release|Mixed Platforms.ActiveCfg = Release|x86
		{E5546C53-BE08-44E1-B136-D172C3F2FE3E}.Release|Mixed Platforms.Build.0 = Release|x86
		{E5546C53-BE08-44E1-B136-D172C3F2FE3E}.Release|x86.ActiveCfg = Release|x86
		{E5546C53-BE08-44E1-B136-D172C3F2FE3E}.Release|x86.Build.0 = Release|x86
	EndGlobalSection
	GlobalSection(SolutionProperties) = preSolution
		HideSolutionNode = FALSE
	EndGlobalSection
EndGlobal
