
Microsoft Visual Studio Solution File, Format Version 12.00
# Visual Studio 2012
Project("{FAE04EC0-301F-11D3-BF4B-00C04F79EFBC}") = "TextParser", "TextParser\TextParser.csproj", "{24685E6B-0E58-4333-9557-4872943A8715}"
EndProject
Project("{FAE04EC0-301F-11D3-BF4B-00C04F79EFBC}") = "Structure-Module", "..\Structure-Module\Structure-Module\Structure-Module.csproj", "{57DA143A-8BCB-4A88-9D27-E436613E1A66}"
EndProject
Global
	GlobalSection(SolutionConfigurationPlatforms) = preSolution
		Debug|Any CPU = Debug|Any CPU
		Release|Any CPU = Release|Any CPU
	EndGlobalSection
	GlobalSection(ProjectConfigurationPlatforms) = postSolution
		{24685E6B-0E58-4333-9557-4872943A8715}.Debug|Any CPU.ActiveCfg = Debug|Any CPU
		{24685E6B-0E58-4333-9557-4872943A8715}.Debug|Any CPU.Build.0 = Debug|Any CPU
		{24685E6B-0E58-4333-9557-4872943A8715}.Release|Any CPU.ActiveCfg = Release|Any CPU
		{24685E6B-0E58-4333-9557-4872943A8715}.Release|Any CPU.Build.0 = Release|Any CPU
		{57DA143A-8BCB-4A88-9D27-E436613E1A66}.Debug|Any CPU.ActiveCfg = Debug|Any CPU
		{57DA143A-8BCB-4A88-9D27-E436613E1A66}.Debug|Any CPU.Build.0 = Debug|Any CPU
		{57DA143A-8BCB-4A88-9D27-E436613E1A66}.Release|Any CPU.ActiveCfg = Release|Any CPU
		{57DA143A-8BCB-4A88-9D27-E436613E1A66}.Release|Any CPU.Build.0 = Release|Any CPU
	EndGlobalSection
	GlobalSection(SolutionProperties) = preSolution
		HideSolutionNode = FALSE
	EndGlobalSection
EndGlobal
