
Microsoft Visual Studio Solution File, Format Version 12.00
# Visual Studio 2012
Project("{FAE04EC0-301F-11D3-BF4B-00C04F79EFBC}") = "TextParser", "TextParser\TextParser.csproj", "{24685E6B-0E58-4333-9557-4872943A8715}"
EndProject
Project("{FAE04EC0-301F-11D3-BF4B-00C04F79EFBC}") = "Structure-Module", "..\Structure-Module\Structure-Module\Structure-Module.csproj", "{57DA143A-8BCB-4A88-9D27-E436613E1A66}"
EndProject
Project("{FAE04EC0-301F-11D3-BF4B-00C04F79EFBC}") = "OntologyClasses", "..\OntologyClasses\OntologyClasses.csproj", "{E937824A-B52A-4AA4-A008-710824FC52F3}"
EndProject
Project("{F184B08F-C81C-45F6-A57F-5ABD9991F28F}") = "Ontolog-Module", "..\Ontolog-Module\Ontolog-Module\Ontolog-Module.vbproj", "{3F2F6722-C36B-420D-AFE7-B21C19457208}"
EndProject
Project("{F184B08F-C81C-45F6-A57F-5ABD9991F28F}") = "Security-Module", "..\Security-Module\Security-Module\Security-Module.vbproj", "{C9ADD5DC-090D-4003-BBA9-CF9218C938B2}"
EndProject
Project("{F184B08F-C81C-45F6-A57F-5ABD9991F28F}") = "Filesystem-Module", "..\Filesystem-Module\Filesystem-Module\Filesystem-Module.vbproj", "{F31C8A5A-BB2B-474E-BC1F-A14E805EA2E9}"
EndProject
Project("{FAE04EC0-301F-11D3-BF4B-00C04F79EFBC}") = "Variable-Value-Module", "..\Variable-Value-Module\Variable-Value-Module\Variable-Value-Module.csproj", "{96B9A976-FE7A-4B0C-A286-363C6D58C4CD}"
EndProject
Global
	GlobalSection(SolutionConfigurationPlatforms) = preSolution
		Debug|Any CPU = Debug|Any CPU
		Debug|Mixed Platforms = Debug|Mixed Platforms
		Debug|x86 = Debug|x86
		Release|Any CPU = Release|Any CPU
		Release|Mixed Platforms = Release|Mixed Platforms
		Release|x86 = Release|x86
	EndGlobalSection
	GlobalSection(ProjectConfigurationPlatforms) = postSolution
		{24685E6B-0E58-4333-9557-4872943A8715}.Debug|Any CPU.ActiveCfg = Debug|Any CPU
		{24685E6B-0E58-4333-9557-4872943A8715}.Debug|Any CPU.Build.0 = Debug|Any CPU
		{24685E6B-0E58-4333-9557-4872943A8715}.Debug|Mixed Platforms.ActiveCfg = Debug|Any CPU
		{24685E6B-0E58-4333-9557-4872943A8715}.Debug|Mixed Platforms.Build.0 = Debug|Any CPU
		{24685E6B-0E58-4333-9557-4872943A8715}.Debug|x86.ActiveCfg = Debug|Any CPU
		{24685E6B-0E58-4333-9557-4872943A8715}.Release|Any CPU.ActiveCfg = Release|Any CPU
		{24685E6B-0E58-4333-9557-4872943A8715}.Release|Any CPU.Build.0 = Release|Any CPU
		{24685E6B-0E58-4333-9557-4872943A8715}.Release|Mixed Platforms.ActiveCfg = Release|Any CPU
		{24685E6B-0E58-4333-9557-4872943A8715}.Release|Mixed Platforms.Build.0 = Release|Any CPU
		{24685E6B-0E58-4333-9557-4872943A8715}.Release|x86.ActiveCfg = Release|Any CPU
		{57DA143A-8BCB-4A88-9D27-E436613E1A66}.Debug|Any CPU.ActiveCfg = Debug|Any CPU
		{57DA143A-8BCB-4A88-9D27-E436613E1A66}.Debug|Any CPU.Build.0 = Debug|Any CPU
		{57DA143A-8BCB-4A88-9D27-E436613E1A66}.Debug|Mixed Platforms.ActiveCfg = Debug|Any CPU
		{57DA143A-8BCB-4A88-9D27-E436613E1A66}.Debug|Mixed Platforms.Build.0 = Debug|Any CPU
		{57DA143A-8BCB-4A88-9D27-E436613E1A66}.Debug|x86.ActiveCfg = Debug|Any CPU
		{57DA143A-8BCB-4A88-9D27-E436613E1A66}.Release|Any CPU.ActiveCfg = Release|Any CPU
		{57DA143A-8BCB-4A88-9D27-E436613E1A66}.Release|Any CPU.Build.0 = Release|Any CPU
		{57DA143A-8BCB-4A88-9D27-E436613E1A66}.Release|Mixed Platforms.ActiveCfg = Release|Any CPU
		{57DA143A-8BCB-4A88-9D27-E436613E1A66}.Release|Mixed Platforms.Build.0 = Release|Any CPU
		{57DA143A-8BCB-4A88-9D27-E436613E1A66}.Release|x86.ActiveCfg = Release|Any CPU
		{E937824A-B52A-4AA4-A008-710824FC52F3}.Debug|Any CPU.ActiveCfg = Debug|Any CPU
		{E937824A-B52A-4AA4-A008-710824FC52F3}.Debug|Any CPU.Build.0 = Debug|Any CPU
		{E937824A-B52A-4AA4-A008-710824FC52F3}.Debug|Mixed Platforms.ActiveCfg = Debug|Any CPU
		{E937824A-B52A-4AA4-A008-710824FC52F3}.Debug|Mixed Platforms.Build.0 = Debug|Any CPU
		{E937824A-B52A-4AA4-A008-710824FC52F3}.Debug|x86.ActiveCfg = Debug|Any CPU
		{E937824A-B52A-4AA4-A008-710824FC52F3}.Release|Any CPU.ActiveCfg = Release|Any CPU
		{E937824A-B52A-4AA4-A008-710824FC52F3}.Release|Any CPU.Build.0 = Release|Any CPU
		{E937824A-B52A-4AA4-A008-710824FC52F3}.Release|Mixed Platforms.ActiveCfg = Release|Any CPU
		{E937824A-B52A-4AA4-A008-710824FC52F3}.Release|Mixed Platforms.Build.0 = Release|Any CPU
		{E937824A-B52A-4AA4-A008-710824FC52F3}.Release|x86.ActiveCfg = Release|Any CPU
		{3F2F6722-C36B-420D-AFE7-B21C19457208}.Debug|Any CPU.ActiveCfg = Debug|x86
		{3F2F6722-C36B-420D-AFE7-B21C19457208}.Debug|Any CPU.Build.0 = Debug|x86
		{3F2F6722-C36B-420D-AFE7-B21C19457208}.Debug|Mixed Platforms.ActiveCfg = Debug|x86
		{3F2F6722-C36B-420D-AFE7-B21C19457208}.Debug|Mixed Platforms.Build.0 = Debug|x86
		{3F2F6722-C36B-420D-AFE7-B21C19457208}.Debug|x86.ActiveCfg = Debug|x86
		{3F2F6722-C36B-420D-AFE7-B21C19457208}.Debug|x86.Build.0 = Debug|x86
		{3F2F6722-C36B-420D-AFE7-B21C19457208}.Release|Any CPU.ActiveCfg = Release|x86
		{3F2F6722-C36B-420D-AFE7-B21C19457208}.Release|Mixed Platforms.ActiveCfg = Release|x86
		{3F2F6722-C36B-420D-AFE7-B21C19457208}.Release|Mixed Platforms.Build.0 = Release|x86
		{3F2F6722-C36B-420D-AFE7-B21C19457208}.Release|x86.ActiveCfg = Release|x86
		{3F2F6722-C36B-420D-AFE7-B21C19457208}.Release|x86.Build.0 = Release|x86
		{C9ADD5DC-090D-4003-BBA9-CF9218C938B2}.Debug|Any CPU.ActiveCfg = Debug|x86
		{C9ADD5DC-090D-4003-BBA9-CF9218C938B2}.Debug|Any CPU.Build.0 = Debug|x86
		{C9ADD5DC-090D-4003-BBA9-CF9218C938B2}.Debug|Mixed Platforms.ActiveCfg = Debug|x86
		{C9ADD5DC-090D-4003-BBA9-CF9218C938B2}.Debug|Mixed Platforms.Build.0 = Debug|x86
		{C9ADD5DC-090D-4003-BBA9-CF9218C938B2}.Debug|x86.ActiveCfg = Debug|x86
		{C9ADD5DC-090D-4003-BBA9-CF9218C938B2}.Debug|x86.Build.0 = Debug|x86
		{C9ADD5DC-090D-4003-BBA9-CF9218C938B2}.Release|Any CPU.ActiveCfg = Release|x86
		{C9ADD5DC-090D-4003-BBA9-CF9218C938B2}.Release|Mixed Platforms.ActiveCfg = Release|x86
		{C9ADD5DC-090D-4003-BBA9-CF9218C938B2}.Release|Mixed Platforms.Build.0 = Release|x86
		{C9ADD5DC-090D-4003-BBA9-CF9218C938B2}.Release|x86.ActiveCfg = Release|x86
		{C9ADD5DC-090D-4003-BBA9-CF9218C938B2}.Release|x86.Build.0 = Release|x86
		{F31C8A5A-BB2B-474E-BC1F-A14E805EA2E9}.Debug|Any CPU.ActiveCfg = Debug|x86
		{F31C8A5A-BB2B-474E-BC1F-A14E805EA2E9}.Debug|Any CPU.Build.0 = Debug|x86
		{F31C8A5A-BB2B-474E-BC1F-A14E805EA2E9}.Debug|Mixed Platforms.ActiveCfg = Debug|x86
		{F31C8A5A-BB2B-474E-BC1F-A14E805EA2E9}.Debug|Mixed Platforms.Build.0 = Debug|x86
		{F31C8A5A-BB2B-474E-BC1F-A14E805EA2E9}.Debug|x86.ActiveCfg = Debug|x86
		{F31C8A5A-BB2B-474E-BC1F-A14E805EA2E9}.Debug|x86.Build.0 = Debug|x86
		{F31C8A5A-BB2B-474E-BC1F-A14E805EA2E9}.Release|Any CPU.ActiveCfg = Release|x86
		{F31C8A5A-BB2B-474E-BC1F-A14E805EA2E9}.Release|Mixed Platforms.ActiveCfg = Release|x86
		{F31C8A5A-BB2B-474E-BC1F-A14E805EA2E9}.Release|Mixed Platforms.Build.0 = Release|x86
		{F31C8A5A-BB2B-474E-BC1F-A14E805EA2E9}.Release|x86.ActiveCfg = Release|x86
		{F31C8A5A-BB2B-474E-BC1F-A14E805EA2E9}.Release|x86.Build.0 = Release|x86
		{96B9A976-FE7A-4B0C-A286-363C6D58C4CD}.Debug|Any CPU.ActiveCfg = Debug|Any CPU
		{96B9A976-FE7A-4B0C-A286-363C6D58C4CD}.Debug|Any CPU.Build.0 = Debug|Any CPU
		{96B9A976-FE7A-4B0C-A286-363C6D58C4CD}.Debug|Mixed Platforms.ActiveCfg = Debug|Any CPU
		{96B9A976-FE7A-4B0C-A286-363C6D58C4CD}.Debug|Mixed Platforms.Build.0 = Debug|Any CPU
		{96B9A976-FE7A-4B0C-A286-363C6D58C4CD}.Debug|x86.ActiveCfg = Debug|Any CPU
		{96B9A976-FE7A-4B0C-A286-363C6D58C4CD}.Release|Any CPU.ActiveCfg = Release|Any CPU
		{96B9A976-FE7A-4B0C-A286-363C6D58C4CD}.Release|Any CPU.Build.0 = Release|Any CPU
		{96B9A976-FE7A-4B0C-A286-363C6D58C4CD}.Release|Mixed Platforms.ActiveCfg = Release|Any CPU
		{96B9A976-FE7A-4B0C-A286-363C6D58C4CD}.Release|Mixed Platforms.Build.0 = Release|Any CPU
		{96B9A976-FE7A-4B0C-A286-363C6D58C4CD}.Release|x86.ActiveCfg = Release|Any CPU
	EndGlobalSection
	GlobalSection(SolutionProperties) = preSolution
		HideSolutionNode = FALSE
	EndGlobalSection
EndGlobal
