
Microsoft Visual Studio Solution File, Format Version 12.00
# Visual Studio 2012
Project("{FAE04EC0-301F-11D3-BF4B-00C04F79EFBC}") = "ElasticSearchConsole", "ElasticSearchConsole\ElasticSearchConsole.csproj", "{13B447B8-D70C-43EB-87D7-47B6B94A181A}"
EndProject
Global
	GlobalSection(SolutionConfigurationPlatforms) = preSolution
		Debug|Any CPU = Debug|Any CPU
		Release|Any CPU = Release|Any CPU
	EndGlobalSection
	GlobalSection(ProjectConfigurationPlatforms) = postSolution
		{13B447B8-D70C-43EB-87D7-47B6B94A181A}.Debug|Any CPU.ActiveCfg = Debug|Any CPU
		{13B447B8-D70C-43EB-87D7-47B6B94A181A}.Debug|Any CPU.Build.0 = Debug|Any CPU
		{13B447B8-D70C-43EB-87D7-47B6B94A181A}.Release|Any CPU.ActiveCfg = Release|Any CPU
		{13B447B8-D70C-43EB-87D7-47B6B94A181A}.Release|Any CPU.Build.0 = Release|Any CPU
	EndGlobalSection
	GlobalSection(SolutionProperties) = preSolution
		HideSolutionNode = FALSE
	EndGlobalSection
EndGlobal
