
Microsoft Visual Studio Solution File, Format Version 12.00
# Visual Studio 2012
Project("{FAE04EC0-301F-11D3-BF4B-00C04F79EFBC}") = "ImportExport-Module", "ImportExport-Module\ImportExport-Module.csproj", "{D567F6AD-469D-45B6-BC24-820D7E81BE5A}"
EndProject
Project("{F184B08F-C81C-45F6-A57F-5ABD9991F28F}") = "Ontolog-Module", "..\Ontolog-Module\Ontolog-Module\Ontolog-Module.vbproj", "{3F2F6722-C36B-420D-AFE7-B21C19457208}"
EndProject
Global
	GlobalSection(SolutionConfigurationPlatforms) = preSolution
		Debug|Any CPU = Debug|Any CPU
		Debug|Mixed Platforms = Debug|Mixed Platforms
		Debug|x86 = Debug|x86
		Release|Any CPU = Release|Any CPU
		Release|Mixed Platforms = Release|Mixed Platforms
		Release|x86 = Release|x86
	EndGlobalSection
	GlobalSection(ProjectConfigurationPlatforms) = postSolution
		{D567F6AD-469D-45B6-BC24-820D7E81BE5A}.Debug|Any CPU.ActiveCfg = Debug|Any CPU
		{D567F6AD-469D-45B6-BC24-820D7E81BE5A}.Debug|Any CPU.Build.0 = Debug|Any CPU
		{D567F6AD-469D-45B6-BC24-820D7E81BE5A}.Debug|Mixed Platforms.ActiveCfg = Debug|Any CPU
		{D567F6AD-469D-45B6-BC24-820D7E81BE5A}.Debug|Mixed Platforms.Build.0 = Debug|Any CPU
		{D567F6AD-469D-45B6-BC24-820D7E81BE5A}.Debug|x86.ActiveCfg = Debug|Any CPU
		{D567F6AD-469D-45B6-BC24-820D7E81BE5A}.Release|Any CPU.ActiveCfg = Release|Any CPU
		{D567F6AD-469D-45B6-BC24-820D7E81BE5A}.Release|Any CPU.Build.0 = Release|Any CPU
		{D567F6AD-469D-45B6-BC24-820D7E81BE5A}.Release|Mixed Platforms.ActiveCfg = Release|Any CPU
		{D567F6AD-469D-45B6-BC24-820D7E81BE5A}.Release|Mixed Platforms.Build.0 = Release|Any CPU
		{D567F6AD-469D-45B6-BC24-820D7E81BE5A}.Release|x86.ActiveCfg = Release|Any CPU
		{3F2F6722-C36B-420D-AFE7-B21C19457208}.Debug|Any CPU.ActiveCfg = Debug|x86
		{3F2F6722-C36B-420D-AFE7-B21C19457208}.Debug|Mixed Platforms.ActiveCfg = Debug|x86
		{3F2F6722-C36B-420D-AFE7-B21C19457208}.Debug|Mixed Platforms.Build.0 = Debug|x86
		{3F2F6722-C36B-420D-AFE7-B21C19457208}.Debug|x86.ActiveCfg = Debug|x86
		{3F2F6722-C36B-420D-AFE7-B21C19457208}.Debug|x86.Build.0 = Debug|x86
		{3F2F6722-C36B-420D-AFE7-B21C19457208}.Release|Any CPU.ActiveCfg = Release|x86
		{3F2F6722-C36B-420D-AFE7-B21C19457208}.Release|Mixed Platforms.ActiveCfg = Release|x86
		{3F2F6722-C36B-420D-AFE7-B21C19457208}.Release|Mixed Platforms.Build.0 = Release|x86
		{3F2F6722-C36B-420D-AFE7-B21C19457208}.Release|x86.ActiveCfg = Release|x86
		{3F2F6722-C36B-420D-AFE7-B21C19457208}.Release|x86.Build.0 = Release|x86
	EndGlobalSection
	GlobalSection(SolutionProperties) = preSolution
		HideSolutionNode = FALSE
	EndGlobalSection
EndGlobal
